// !$*UTF8*$!
{
	archiveVersion = 1;
	classes = {
	};
	objectVersion = 51;
	objects = {

/* Begin PBXBuildFile section */
		3D34017324E5891A00FE46B2 /* SquareTemplateCell.swift in Sources */ = {isa = PBXBuildFile; fileRef = 9130AE1124E3E6D500FBFCB1 /* SquareTemplateCell.swift */; };
		3DAF337E24E3F163005AE6D6 /* FirstOnBoardingController.swift in Sources */ = {isa = PBXBuildFile; fileRef = 3DAF337D24E3F163005AE6D6 /* FirstOnBoardingController.swift */; };
		3DAF338124E3F27E005AE6D6 /* FirstCell.swift in Sources */ = {isa = PBXBuildFile; fileRef = 3DAF338024E3F27E005AE6D6 /* FirstCell.swift */; };
		3DAF338324E3F39B005AE6D6 /* SecondCell.swift in Sources */ = {isa = PBXBuildFile; fileRef = 3DAF338224E3F39B005AE6D6 /* SecondCell.swift */; };
		3DAF338524E3F433005AE6D6 /* SecondOnBoardingCell.swift in Sources */ = {isa = PBXBuildFile; fileRef = 3DAF338424E3F433005AE6D6 /* SecondOnBoardingCell.swift */; };
		3DAF338724E3F599005AE6D6 /* OnBoardingController.swift in Sources */ = {isa = PBXBuildFile; fileRef = 3DAF338624E3F599005AE6D6 /* OnBoardingController.swift */; };
		3DAF338B24E3F737005AE6D6 /* FirstOnBoardingCell.swift in Sources */ = {isa = PBXBuildFile; fileRef = 3DAF338A24E3F737005AE6D6 /* FirstOnBoardingCell.swift */; };
		3DAF338D24E3FA39005AE6D6 /* SecondOnBoardingController.swift in Sources */ = {isa = PBXBuildFile; fileRef = 3DAF338C24E3FA39005AE6D6 /* SecondOnBoardingController.swift */; };
		3DAF339324E40E09005AE6D6 /* keychainItem.swift in Sources */ = {isa = PBXBuildFile; fileRef = 3DAF339224E40E09005AE6D6 /* keychainItem.swift */; };
		532119F624E7FFAF00458E28 /* Car_Door_Open_Shut.mp3 in Resources */ = {isa = PBXBuildFile; fileRef = 532119DD24E7FFAA00458E28 /* Car_Door_Open_Shut.mp3 */; };
		532119F724E7FFAF00458E28 /* Cat_Purr.mp3 in Resources */ = {isa = PBXBuildFile; fileRef = 532119DE24E7FFAB00458E28 /* Cat_Purr.mp3 */; };
		532119F824E7FFAF00458E28 /* Cartoon_Boing.mp3 in Resources */ = {isa = PBXBuildFile; fileRef = 532119DF24E7FFAB00458E28 /* Cartoon_Boing.mp3 */; };
		532119F924E7FFAF00458E28 /* Alarm_Clock.mp3 in Resources */ = {isa = PBXBuildFile; fileRef = 532119E024E7FFAB00458E28 /* Alarm_Clock.mp3 */; };
		532119FA24E7FFAF00458E28 /* Cartoon_Cowbell.mp3 in Resources */ = {isa = PBXBuildFile; fileRef = 532119E124E7FFAB00458E28 /* Cartoon_Cowbell.mp3 */; };
		532119FB24E7FFAF00458E28 /* Emergency_Siren_Distant.mp3 in Resources */ = {isa = PBXBuildFile; fileRef = 532119E224E7FFAB00458E28 /* Emergency_Siren_Distant.mp3 */; };
		532119FC24E7FFAF00458E28 /* Beep_Short.mp3 in Resources */ = {isa = PBXBuildFile; fileRef = 532119E324E7FFAC00458E28 /* Beep_Short.mp3 */; };
		532119FD24E7FFAF00458E28 /* Concussive_Guitar_Hit.mp3 in Resources */ = {isa = PBXBuildFile; fileRef = 532119E424E7FFAC00458E28 /* Concussive_Guitar_Hit.mp3 */; };
		532119FE24E7FFAF00458E28 /* kelanjutannya 1.mp3 in Resources */ = {isa = PBXBuildFile; fileRef = 532119E524E7FFAC00458E28 /* kelanjutannya 1.mp3 */; };
		532119FF24E7FFAF00458E28 /* apa yang baru.mp3 in Resources */ = {isa = PBXBuildFile; fileRef = 532119E624E7FFAC00458E28 /* apa yang baru.mp3 */; };
		53211A0024E7FFAF00458E28 /* Car_Door.mp3 in Resources */ = {isa = PBXBuildFile; fileRef = 532119E724E7FFAC00458E28 /* Car_Door.mp3 */; };
		53211A0124E7FFAF00458E28 /* Dream_Breath.mp3 in Resources */ = {isa = PBXBuildFile; fileRef = 532119E824E7FFAD00458E28 /* Dream_Breath.mp3 */; };
		53211A0224E7FFAF00458E28 /* Broken_plates.mp3 in Resources */ = {isa = PBXBuildFile; fileRef = 532119E924E7FFAD00458E28 /* Broken_plates.mp3 */; };
		53211A0324E7FFAF00458E28 /* Aggressive_Motorcycle.mp3 in Resources */ = {isa = PBXBuildFile; fileRef = 532119EA24E7FFAD00458E28 /* Aggressive_Motorcycle.mp3 */; };
		53211A0424E7FFAF00458E28 /* Drinking_from_Water_Fountain.mp3 in Resources */ = {isa = PBXBuildFile; fileRef = 532119EB24E7FFAD00458E28 /* Drinking_from_Water_Fountain.mp3 */; };
		53211A0524E7FFAF00458E28 /* Female_Crowd_Celebration.mp3 in Resources */ = {isa = PBXBuildFile; fileRef = 532119EC24E7FFAD00458E28 /* Female_Crowd_Celebration.mp3 */; };
		53211A0624E7FFAF00458E28 /* meepo.mp3 in Resources */ = {isa = PBXBuildFile; fileRef = 532119ED24E7FFAE00458E28 /* meepo.mp3 */; };
		53211A0724E7FFAF00458E28 /* kelanjutannya.mp3 in Resources */ = {isa = PBXBuildFile; fileRef = 532119EE24E7FFAE00458E28 /* kelanjutannya.mp3 */; };
		53211A0824E7FFAF00458E28 /* Concussive_Hit_Guitar_Boing.mp3 in Resources */ = {isa = PBXBuildFile; fileRef = 532119EF24E7FFAE00458E28 /* Concussive_Hit_Guitar_Boing.mp3 */; };
		53211A0924E7FFAF00458E28 /* higlight podcast.mp3 in Resources */ = {isa = PBXBuildFile; fileRef = 532119F024E7FFAE00458E28 /* higlight podcast.mp3 */; };
		53211A0A24E7FFAF00458E28 /* Scissor_Snips.mp3 in Resources */ = {isa = PBXBuildFile; fileRef = 532119F124E7FFAF00458E28 /* Scissor_Snips.mp3 */; };
		53211A0B24E7FFAF00458E28 /* Baseball_Glove_Handling.mp3 in Resources */ = {isa = PBXBuildFile; fileRef = 532119F224E7FFAF00458E28 /* Baseball_Glove_Handling.mp3 */; };
		53211A0C24E7FFAF00458E28 /* planet.mp3 in Resources */ = {isa = PBXBuildFile; fileRef = 532119F324E7FFAF00458E28 /* planet.mp3 */; };
		53211A0D24E7FFAF00458E28 /* Car_Door_Closing.mp3 in Resources */ = {isa = PBXBuildFile; fileRef = 532119F424E7FFAF00458E28 /* Car_Door_Closing.mp3 */; };
		53211A0E24E7FFAF00458E28 /* enjoy podcast on instagram.mp3 in Resources */ = {isa = PBXBuildFile; fileRef = 532119F524E7FFAF00458E28 /* enjoy podcast on instagram.mp3 */; };
		5345EAD324CEEB8100C6FFA7 /* AppDelegate.swift in Sources */ = {isa = PBXBuildFile; fileRef = 5345EAD224CEEB8100C6FFA7 /* AppDelegate.swift */; };
		5345EAD524CEEB8100C6FFA7 /* SceneDelegate.swift in Sources */ = {isa = PBXBuildFile; fileRef = 5345EAD424CEEB8100C6FFA7 /* SceneDelegate.swift */; };
		5345EAD724CEEB8100C6FFA7 /* ViewController.swift in Sources */ = {isa = PBXBuildFile; fileRef = 5345EAD624CEEB8100C6FFA7 /* ViewController.swift */; };
		5345EADC24CEEB8200C6FFA7 /* Assets.xcassets in Resources */ = {isa = PBXBuildFile; fileRef = 5345EADB24CEEB8200C6FFA7 /* Assets.xcassets */; };
		5345EADF24CEEB8200C6FFA7 /* LaunchScreen.storyboard in Resources */ = {isa = PBXBuildFile; fileRef = 5345EADD24CEEB8200C6FFA7 /* LaunchScreen.storyboard */; };
		5345EB0024D92F4200C6FFA7 /* Extensions.swift in Sources */ = {isa = PBXBuildFile; fileRef = 5345EAFF24D92F4200C6FFA7 /* Extensions.swift */; };
		5345EB0424D93F6300C6FFA7 /* YourAudioVC.swift in Sources */ = {isa = PBXBuildFile; fileRef = 5345EB0324D93F6300C6FFA7 /* YourAudioVC.swift */; };
		5345EB0724D93F8200C6FFA7 /* YourAudioView.swift in Sources */ = {isa = PBXBuildFile; fileRef = 5345EB0624D93F8200C6FFA7 /* YourAudioView.swift */; };
		5345EB0A24D942A800C6FFA7 /* Colors.swift in Sources */ = {isa = PBXBuildFile; fileRef = 5345EB0924D942A800C6FFA7 /* Colors.swift */; };
		5345EB0C24D9647700C6FFA7 /* SearchPodcastView.swift in Sources */ = {isa = PBXBuildFile; fileRef = 5345EB0B24D9647700C6FFA7 /* SearchPodcastView.swift */; };
		5345EB0F24D9C7A300C6FFA7 /* UploadAudioView.swift in Sources */ = {isa = PBXBuildFile; fileRef = 5345EB0E24D9C7A300C6FFA7 /* UploadAudioView.swift */; };
		5345EB1324D9EAA600C6FFA7 /* KMConfig.plist in Resources */ = {isa = PBXBuildFile; fileRef = 5345EB1224D9EAA600C6FFA7 /* KMConfig.plist */; };
		5345EB1624D9EDB700C6FFA7 /* PodcastModel.swift in Sources */ = {isa = PBXBuildFile; fileRef = 5345EB1524D9EDB700C6FFA7 /* PodcastModel.swift */; };
		5345EB1824D9F83300C6FFA7 /* ConfigApps.swift in Sources */ = {isa = PBXBuildFile; fileRef = 5345EB1724D9F83300C6FFA7 /* ConfigApps.swift */; };
		5345EB1F24DA681D00C6FFA7 /* Network.swift in Sources */ = {isa = PBXBuildFile; fileRef = 5345EB1E24DA681D00C6FFA7 /* Network.swift */; };
		537D36F724E5A17600D6EFE4 /* CustomActionSheet.swift in Sources */ = {isa = PBXBuildFile; fileRef = 537D36F624E5A17600D6EFE4 /* CustomActionSheet.swift */; };
		538155E524DA7B59005A0709 /* PodcastCell.swift in Sources */ = {isa = PBXBuildFile; fileRef = 538155E424DA7B59005A0709 /* PodcastCell.swift */; };
		5386CA8C24DB2D41004AD768 /* ApiCallManager.swift in Sources */ = {isa = PBXBuildFile; fileRef = 5386CA8B24DB2D41004AD768 /* ApiCallManager.swift */; };
		5386CA9224DB3269004AD768 /* DAOPodcastsBaseClass.swift in Sources */ = {isa = PBXBuildFile; fileRef = 5386CA9024DB3269004AD768 /* DAOPodcastsBaseClass.swift */; };
		5386CA9324DB3269004AD768 /* DAOPodcastResults.swift in Sources */ = {isa = PBXBuildFile; fileRef = 5386CA9124DB3269004AD768 /* DAOPodcastResults.swift */; };
		5386CA9524DB36A7004AD768 /* BaseNetwork.swift in Sources */ = {isa = PBXBuildFile; fileRef = 5386CA9424DB36A7004AD768 /* BaseNetwork.swift */; };
		5386CA9824DB41E2004AD768 /* Constants.swift in Sources */ = {isa = PBXBuildFile; fileRef = 5386CA9724DB41E2004AD768 /* Constants.swift */; };
		5386CABA24DC821F004AD768 /* EpisodePodcastView.swift in Sources */ = {isa = PBXBuildFile; fileRef = 5386CAB924DC821F004AD768 /* EpisodePodcastView.swift */; };
		5386CABC24DC8B74004AD768 /* EpisodeModel.swift in Sources */ = {isa = PBXBuildFile; fileRef = 5386CABB24DC8B74004AD768 /* EpisodeModel.swift */; };
		5386CAC024DC8E07004AD768 /* DAOEpisodesBaseClass.swift in Sources */ = {isa = PBXBuildFile; fileRef = 5386CABE24DC8E07004AD768 /* DAOEpisodesBaseClass.swift */; };
		5386CAC124DC8E07004AD768 /* DAOEpisodes.swift in Sources */ = {isa = PBXBuildFile; fileRef = 5386CABF24DC8E07004AD768 /* DAOEpisodes.swift */; };
		5386CAC624DD2E57004AD768 /* PreviewAudioVC.swift in Sources */ = {isa = PBXBuildFile; fileRef = 5386CAC524DD2E57004AD768 /* PreviewAudioVC.swift */; };
		5386CAC824DD2E71004AD768 /* PreviewAudioView.swift in Sources */ = {isa = PBXBuildFile; fileRef = 5386CAC724DD2E71004AD768 /* PreviewAudioView.swift */; };
		5386CACB24DD2FD0004AD768 /* PreviewAudioWireframe.swift in Sources */ = {isa = PBXBuildFile; fileRef = 5386CACA24DD2FD0004AD768 /* PreviewAudioWireframe.swift */; };
		53881B9824E4281B00D4A892 /* EditAudioVC.swift in Sources */ = {isa = PBXBuildFile; fileRef = 53881B9724E4281B00D4A892 /* EditAudioVC.swift */; };
		53881B9B24E4286700D4A892 /* EditAudioView.swift in Sources */ = {isa = PBXBuildFile; fileRef = 53881B9A24E4286700D4A892 /* EditAudioView.swift */; };
		53881B9D24E4299900D4A892 /* Utils.swift in Sources */ = {isa = PBXBuildFile; fileRef = 53881B9C24E4299900D4A892 /* Utils.swift */; };
		53881BA124E42B7400D4A892 /* EditAudioWireframe.swift in Sources */ = {isa = PBXBuildFile; fileRef = 53881BA024E42B7400D4A892 /* EditAudioWireframe.swift */; };
		53881BA524E4313700D4A892 /* AddSegmentVC.swift in Sources */ = {isa = PBXBuildFile; fileRef = 53881BA424E4313700D4A892 /* AddSegmentVC.swift */; };
		53881BA824E431D200D4A892 /* AddSegmentView.swift in Sources */ = {isa = PBXBuildFile; fileRef = 53881BA724E431D200D4A892 /* AddSegmentView.swift */; };
		53881BAA24E4326200D4A892 /* TimePickerView.swift in Sources */ = {isa = PBXBuildFile; fileRef = 53881BA924E4326200D4A892 /* TimePickerView.swift */; };
		53881BAC24E432A200D4A892 /* AddSegmentCell.swift in Sources */ = {isa = PBXBuildFile; fileRef = 53881BAB24E432A200D4A892 /* AddSegmentCell.swift */; };
		53881BAF24E4379C00D4A892 /* SegmentModel.swift in Sources */ = {isa = PBXBuildFile; fileRef = 53881BAE24E4379C00D4A892 /* SegmentModel.swift */; };
		53881BB124E4382F00D4A892 /* SegmentCell.swift in Sources */ = {isa = PBXBuildFile; fileRef = 53881BB024E4382F00D4A892 /* SegmentCell.swift */; };
		53881BB324E4F56100D4A892 /* AdditionalSoundsVC.swift in Sources */ = {isa = PBXBuildFile; fileRef = 53881BB224E4F56100D4A892 /* AdditionalSoundsVC.swift */; };
		53881BB624E4F58100D4A892 /* AdditionalSoundsView.swift in Sources */ = {isa = PBXBuildFile; fileRef = 53881BB524E4F58100D4A892 /* AdditionalSoundsView.swift */; };
		53881BBB24E5016300D4A892 /* AdditionalSoundModel.swift in Sources */ = {isa = PBXBuildFile; fileRef = 53881BBA24E5016300D4A892 /* AdditionalSoundModel.swift */; };
		53881BBE24E5017D00D4A892 /* AdditionalSoundWireframe.swift in Sources */ = {isa = PBXBuildFile; fileRef = 53881BBD24E5017D00D4A892 /* AdditionalSoundWireframe.swift */; };
		539D188524DAA1FF00585818 /* PodcastWorker.swift in Sources */ = {isa = PBXBuildFile; fileRef = 539D188424DAA1FF00585818 /* PodcastWorker.swift */; };
		539D188724DAA20B00585818 /* PodcastPresent.swift in Sources */ = {isa = PBXBuildFile; fileRef = 539D188624DAA20B00585818 /* PodcastPresent.swift */; };
		53AD0A6424E67FD000632167 /* EditAudioRepository.swift in Sources */ = {isa = PBXBuildFile; fileRef = 53AD0A6324E67FD000632167 /* EditAudioRepository.swift */; };
		53AD0A6724E6924200632167 /* CustomLoadingView.swift in Sources */ = {isa = PBXBuildFile; fileRef = 53AD0A6624E6924200632167 /* CustomLoadingView.swift */; };
		9130ADF124E3D57E00FBFCB1 /* CreatePageViewController.swift in Sources */ = {isa = PBXBuildFile; fileRef = 9130ADF024E3D57E00FBFCB1 /* CreatePageViewController.swift */; };
		9130ADF424E3D60300FBFCB1 /* Theme.swift in Sources */ = {isa = PBXBuildFile; fileRef = 9130ADF324E3D60200FBFCB1 /* Theme.swift */; };
		9130ADF624E3D60F00FBFCB1 /* ThemeProtocol.swift in Sources */ = {isa = PBXBuildFile; fileRef = 9130ADF524E3D60F00FBFCB1 /* ThemeProtocol.swift */; };
		9130ADF824E3D61C00FBFCB1 /* DarkTheme.swift in Sources */ = {isa = PBXBuildFile; fileRef = 9130ADF724E3D61C00FBFCB1 /* DarkTheme.swift */; };
		9130ADFA24E3D6A900FBFCB1 /* DesignAspectRatioViewController.swift in Sources */ = {isa = PBXBuildFile; fileRef = 9130ADF924E3D6A900FBFCB1 /* DesignAspectRatioViewController.swift */; };
		9130ADFD24E3E30F00FBFCB1 /* DesignReadyDelegate.swift in Sources */ = {isa = PBXBuildFile; fileRef = 9130ADFC24E3E30F00FBFCB1 /* DesignReadyDelegate.swift */; };
		9130ADFF24E3E35500FBFCB1 /* YourDesignViewController.swift in Sources */ = {isa = PBXBuildFile; fileRef = 9130ADFE24E3E35500FBFCB1 /* YourDesignViewController.swift */; };
		9130AE0124E3E39000FBFCB1 /* YourDesignViewCell.swift in Sources */ = {isa = PBXBuildFile; fileRef = 9130AE0024E3E39000FBFCB1 /* YourDesignViewCell.swift */; };
		9130AE0424E3E4EB00FBFCB1 /* DesignTemplateModel.swift in Sources */ = {isa = PBXBuildFile; fileRef = 9130AE0324E3E4EB00FBFCB1 /* DesignTemplateModel.swift */; };
		9130AE0624E3E50E00FBFCB1 /* YourDesignModel.swift in Sources */ = {isa = PBXBuildFile; fileRef = 9130AE0524E3E50E00FBFCB1 /* YourDesignModel.swift */; };
		9130AE0824E3E56500FBFCB1 /* ChooseTemplateViewController.swift in Sources */ = {isa = PBXBuildFile; fileRef = 9130AE0724E3E56500FBFCB1 /* ChooseTemplateViewController.swift */; };
		9130AE1024E3E6C700FBFCB1 /* PotraitTemplateCell.swift in Sources */ = {isa = PBXBuildFile; fileRef = 9130AE0F24E3E6C700FBFCB1 /* PotraitTemplateCell.swift */; };
		9130AE1424E3E7A500FBFCB1 /* EditTemplateViewController.swift in Sources */ = {isa = PBXBuildFile; fileRef = 9130AE1324E3E7A500FBFCB1 /* EditTemplateViewController.swift */; };
		9130AE1724E3E87100FBFCB1 /* ChromaColor.swift in Sources */ = {isa = PBXBuildFile; fileRef = 9130AE1624E3E87100FBFCB1 /* ChromaColor.swift */; };
		9130AE1924E3EB2800FBFCB1 /* PotraitReusableView.swift in Sources */ = {isa = PBXBuildFile; fileRef = 9130AE1824E3EB2800FBFCB1 /* PotraitReusableView.swift */; };
		9130AE1B24E3EB3400FBFCB1 /* SquareReusableView.swift in Sources */ = {isa = PBXBuildFile; fileRef = 9130AE1A24E3EB3400FBFCB1 /* SquareReusableView.swift */; };
		9130AE1D24E3ECB300FBFCB1 /* AlertService.swift in Sources */ = {isa = PBXBuildFile; fileRef = 9130AE1C24E3ECB300FBFCB1 /* AlertService.swift */; };
		9130AE2224E4181800FBFCB1 /* HomepageViewController.swift in Sources */ = {isa = PBXBuildFile; fileRef = 9130AE2124E4181800FBFCB1 /* HomepageViewController.swift */; };
		9174B7EB24E421CC0071C17C /* MainTabBarController.swift in Sources */ = {isa = PBXBuildFile; fileRef = 9174B7EA24E421CC0071C17C /* MainTabBarController.swift */; };
		91FBBCAC24E525600093A63B /* ImageSquare1Template.swift in Sources */ = {isa = PBXBuildFile; fileRef = 91FBBCAB24E525600093A63B /* ImageSquare1Template.swift */; };
		91FBBCAE24E5256F0093A63B /* ImageSquare2Template.swift in Sources */ = {isa = PBXBuildFile; fileRef = 91FBBCAD24E5256F0093A63B /* ImageSquare2Template.swift */; };
		91FBBCB024E52C400093A63B /* ImageSquare3Template.swift in Sources */ = {isa = PBXBuildFile; fileRef = 91FBBCAF24E52C400093A63B /* ImageSquare3Template.swift */; };
		91FBBCB224E52D410093A63B /* ImageSquare4Template.swift in Sources */ = {isa = PBXBuildFile; fileRef = 91FBBCB124E52D410093A63B /* ImageSquare4Template.swift */; };
		91FBBCB424E52D4F0093A63B /* ImageSquare5Template.swift in Sources */ = {isa = PBXBuildFile; fileRef = 91FBBCB324E52D4F0093A63B /* ImageSquare5Template.swift */; };
		91FBBCB624E52D640093A63B /* ImagePotrait1Template.swift in Sources */ = {isa = PBXBuildFile; fileRef = 91FBBCB524E52D640093A63B /* ImagePotrait1Template.swift */; };
		91FBBCB824E52D750093A63B /* ImagePotrait2Template.swift in Sources */ = {isa = PBXBuildFile; fileRef = 91FBBCB724E52D750093A63B /* ImagePotrait2Template.swift */; };
		91FBBCBA24E52D900093A63B /* ImagePotrait3Template.swift in Sources */ = {isa = PBXBuildFile; fileRef = 91FBBCB924E52D900093A63B /* ImagePotrait3Template.swift */; };
		91FBBCBC24E52D9A0093A63B /* ImagePotrait4Template.swift in Sources */ = {isa = PBXBuildFile; fileRef = 91FBBCBB24E52D9A0093A63B /* ImagePotrait4Template.swift */; };
		91FBBCBE24E52DD90093A63B /* ImagePotrait5Template.swift in Sources */ = {isa = PBXBuildFile; fileRef = 91FBBCBD24E52DD90093A63B /* ImagePotrait5Template.swift */; };
		91FBBCC024E52E940093A63B /* ImagePotrait6Template.swift in Sources */ = {isa = PBXBuildFile; fileRef = 91FBBCBF24E52E940093A63B /* ImagePotrait6Template.swift */; };
		91FBBCC224E530E90093A63B /* ImageSquare6Template.swift in Sources */ = {isa = PBXBuildFile; fileRef = 91FBBCC124E530E90093A63B /* ImageSquare6Template.swift */; };
		91FBBCC424E530F60093A63B /* ImageSquare7Template.swift in Sources */ = {isa = PBXBuildFile; fileRef = 91FBBCC324E530F60093A63B /* ImageSquare7Template.swift */; };
		A4542D0B24E6D82C002A633A /* LoginWorker.swift in Sources */ = {isa = PBXBuildFile; fileRef = A4542D0A24E6D82C002A633A /* LoginWorker.swift */; };
		A462D71324E6D0DA00FCB55A /* LoginViewController.swift in Sources */ = {isa = PBXBuildFile; fileRef = 3DAF339024E40DB0005AE6D6 /* LoginViewController.swift */; };
		A4C3AD7F24E5244700747679 /* DAOVideoBaseClass.swift in Sources */ = {isa = PBXBuildFile; fileRef = A4C3AD7E24E5244700747679 /* DAOVideoBaseClass.swift */; };
		A4C3AD8124E5245700747679 /* DAOVideo.swift in Sources */ = {isa = PBXBuildFile; fileRef = A4C3AD8024E5245700747679 /* DAOVideo.swift */; };
		A4C3AD8324E53CBC00747679 /* CustomButton.swift in Sources */ = {isa = PBXBuildFile; fileRef = A4C3AD8224E53CBC00747679 /* CustomButton.swift */; };
		A4C3AD8624E55BFA00747679 /* VideoPlayerView.swift in Sources */ = {isa = PBXBuildFile; fileRef = A4C3AD8524E55BFA00747679 /* VideoPlayerView.swift */; };
		A4C3AD8824E55C8B00747679 /* VideoPodcastView.swift in Sources */ = {isa = PBXBuildFile; fileRef = A4C3AD8724E55C8B00747679 /* VideoPodcastView.swift */; };
		A4C3AD8A24E55DB000747679 /* VideoPodcastViewController.swift in Sources */ = {isa = PBXBuildFile; fileRef = A4C3AD8924E55DB000747679 /* VideoPodcastViewController.swift */; };
		A4FEBC6C24E3DCEB00110785 /* VideoNetwork.swift in Sources */ = {isa = PBXBuildFile; fileRef = A4FEBC6B24E3DCEB00110785 /* VideoNetwork.swift */; };
		A4FEBC6E24E3ED1600110785 /* VideoCollectionsViewController.swift in Sources */ = {isa = PBXBuildFile; fileRef = A4FEBC6D24E3ED1600110785 /* VideoCollectionsViewController.swift */; };
		A4FEBC7124E3EDD800110785 /* BaseView.swift in Sources */ = {isa = PBXBuildFile; fileRef = A4FEBC7024E3EDD800110785 /* BaseView.swift */; };
		A4FEBC7324E3EE2700110785 /* VideoCollectionsView.swift in Sources */ = {isa = PBXBuildFile; fileRef = A4FEBC7224E3EE2700110785 /* VideoCollectionsView.swift */; };
		A4FEBC7624E40D4B00110785 /* CollectionCell.swift in Sources */ = {isa = PBXBuildFile; fileRef = A4FEBC7524E40D4B00110785 /* CollectionCell.swift */; };
		A4FEBC7824E40D5900110785 /* BaseCell.swift in Sources */ = {isa = PBXBuildFile; fileRef = A4FEBC7724E40D5900110785 /* BaseCell.swift */; };
		A4FEBC7D24E4114600110785 /* VideoCollectionsProtocol.swift in Sources */ = {isa = PBXBuildFile; fileRef = A4FEBC7C24E4114600110785 /* VideoCollectionsProtocol.swift */; };
		A4FEBC7F24E412AC00110785 /* VideoCollectionsWireframe.swift in Sources */ = {isa = PBXBuildFile; fileRef = A4FEBC7E24E412AC00110785 /* VideoCollectionsWireframe.swift */; };
		A4FEBC8124E4136C00110785 /* VideoCollectionsPresenter.swift in Sources */ = {isa = PBXBuildFile; fileRef = A4FEBC8024E4136C00110785 /* VideoCollectionsPresenter.swift */; };
		A4FEBC8324E413B600110785 /* VideoCollectionsInteractor.swift in Sources */ = {isa = PBXBuildFile; fileRef = A4FEBC8224E413B600110785 /* VideoCollectionsInteractor.swift */; };
		A4FEBC8524E41AF400110785 /* VideoCollectionsWorker.swift in Sources */ = {isa = PBXBuildFile; fileRef = A4FEBC8424E41AF400110785 /* VideoCollectionsWorker.swift */; };
		A4FEBC8824E41D1C00110785 /* VIdeoModel.swift in Sources */ = {isa = PBXBuildFile; fileRef = A4FEBC8724E41D1C00110785 /* VIdeoModel.swift */; };
		ABC49AF979603BB1E613D6C1 /* Pods_ProjectPodcastMC3.framework in Frameworks */ = {isa = PBXBuildFile; fileRef = 99DAF8023533ABD68D33F973 /* Pods_ProjectPodcastMC3.framework */; };
/* End PBXBuildFile section */

/* Begin PBXFileReference section */
		3DAF337D24E3F163005AE6D6 /* FirstOnBoardingController.swift */ = {isa = PBXFileReference; lastKnownFileType = sourcecode.swift; path = FirstOnBoardingController.swift; sourceTree = "<group>"; };
		3DAF338024E3F27E005AE6D6 /* FirstCell.swift */ = {isa = PBXFileReference; lastKnownFileType = sourcecode.swift; path = FirstCell.swift; sourceTree = "<group>"; };
		3DAF338224E3F39B005AE6D6 /* SecondCell.swift */ = {isa = PBXFileReference; lastKnownFileType = sourcecode.swift; path = SecondCell.swift; sourceTree = "<group>"; };
		3DAF338424E3F433005AE6D6 /* SecondOnBoardingCell.swift */ = {isa = PBXFileReference; lastKnownFileType = sourcecode.swift; path = SecondOnBoardingCell.swift; sourceTree = "<group>"; };
		3DAF338624E3F599005AE6D6 /* OnBoardingController.swift */ = {isa = PBXFileReference; lastKnownFileType = sourcecode.swift; path = OnBoardingController.swift; sourceTree = "<group>"; };
		3DAF338A24E3F737005AE6D6 /* FirstOnBoardingCell.swift */ = {isa = PBXFileReference; lastKnownFileType = sourcecode.swift; path = FirstOnBoardingCell.swift; sourceTree = "<group>"; };
		3DAF338C24E3FA39005AE6D6 /* SecondOnBoardingController.swift */ = {isa = PBXFileReference; lastKnownFileType = sourcecode.swift; path = SecondOnBoardingController.swift; sourceTree = "<group>"; };
		3DAF338E24E40D6F005AE6D6 /* ProjectPodcastMC3.entitlements */ = {isa = PBXFileReference; lastKnownFileType = text.plist.entitlements; path = ProjectPodcastMC3.entitlements; sourceTree = "<group>"; };
		3DAF339024E40DB0005AE6D6 /* LoginViewController.swift */ = {isa = PBXFileReference; lastKnownFileType = sourcecode.swift; path = LoginViewController.swift; sourceTree = "<group>"; };
		3DAF339224E40E09005AE6D6 /* keychainItem.swift */ = {isa = PBXFileReference; lastKnownFileType = sourcecode.swift; path = keychainItem.swift; sourceTree = "<group>"; };
		3DF7FD290F6DC8921EE4E20E /* Pods-ProjectPodcastMC3.debug.xcconfig */ = {isa = PBXFileReference; includeInIndex = 1; lastKnownFileType = text.xcconfig; name = "Pods-ProjectPodcastMC3.debug.xcconfig"; path = "Target Support Files/Pods-ProjectPodcastMC3/Pods-ProjectPodcastMC3.debug.xcconfig"; sourceTree = "<group>"; };
		532119DD24E7FFAA00458E28 /* Car_Door_Open_Shut.mp3 */ = {isa = PBXFileReference; lastKnownFileType = audio.mp3; path = Car_Door_Open_Shut.mp3; sourceTree = "<group>"; };
		532119DE24E7FFAB00458E28 /* Cat_Purr.mp3 */ = {isa = PBXFileReference; lastKnownFileType = audio.mp3; path = Cat_Purr.mp3; sourceTree = "<group>"; };
		532119DF24E7FFAB00458E28 /* Cartoon_Boing.mp3 */ = {isa = PBXFileReference; lastKnownFileType = audio.mp3; path = Cartoon_Boing.mp3; sourceTree = "<group>"; };
		532119E024E7FFAB00458E28 /* Alarm_Clock.mp3 */ = {isa = PBXFileReference; lastKnownFileType = audio.mp3; path = Alarm_Clock.mp3; sourceTree = "<group>"; };
		532119E124E7FFAB00458E28 /* Cartoon_Cowbell.mp3 */ = {isa = PBXFileReference; lastKnownFileType = audio.mp3; path = Cartoon_Cowbell.mp3; sourceTree = "<group>"; };
		532119E224E7FFAB00458E28 /* Emergency_Siren_Distant.mp3 */ = {isa = PBXFileReference; lastKnownFileType = audio.mp3; path = Emergency_Siren_Distant.mp3; sourceTree = "<group>"; };
		532119E324E7FFAC00458E28 /* Beep_Short.mp3 */ = {isa = PBXFileReference; lastKnownFileType = audio.mp3; path = Beep_Short.mp3; sourceTree = "<group>"; };
		532119E424E7FFAC00458E28 /* Concussive_Guitar_Hit.mp3 */ = {isa = PBXFileReference; lastKnownFileType = audio.mp3; path = Concussive_Guitar_Hit.mp3; sourceTree = "<group>"; };
		532119E524E7FFAC00458E28 /* kelanjutannya 1.mp3 */ = {isa = PBXFileReference; lastKnownFileType = audio.mp3; path = "kelanjutannya 1.mp3"; sourceTree = "<group>"; };
		532119E624E7FFAC00458E28 /* apa yang baru.mp3 */ = {isa = PBXFileReference; lastKnownFileType = audio.mp3; path = "apa yang baru.mp3"; sourceTree = "<group>"; };
		532119E724E7FFAC00458E28 /* Car_Door.mp3 */ = {isa = PBXFileReference; lastKnownFileType = audio.mp3; path = Car_Door.mp3; sourceTree = "<group>"; };
		532119E824E7FFAD00458E28 /* Dream_Breath.mp3 */ = {isa = PBXFileReference; lastKnownFileType = audio.mp3; path = Dream_Breath.mp3; sourceTree = "<group>"; };
		532119E924E7FFAD00458E28 /* Broken_plates.mp3 */ = {isa = PBXFileReference; lastKnownFileType = audio.mp3; path = Broken_plates.mp3; sourceTree = "<group>"; };
		532119EA24E7FFAD00458E28 /* Aggressive_Motorcycle.mp3 */ = {isa = PBXFileReference; lastKnownFileType = audio.mp3; path = Aggressive_Motorcycle.mp3; sourceTree = "<group>"; };
		532119EB24E7FFAD00458E28 /* Drinking_from_Water_Fountain.mp3 */ = {isa = PBXFileReference; lastKnownFileType = audio.mp3; path = Drinking_from_Water_Fountain.mp3; sourceTree = "<group>"; };
		532119EC24E7FFAD00458E28 /* Female_Crowd_Celebration.mp3 */ = {isa = PBXFileReference; lastKnownFileType = audio.mp3; path = Female_Crowd_Celebration.mp3; sourceTree = "<group>"; };
		532119ED24E7FFAE00458E28 /* meepo.mp3 */ = {isa = PBXFileReference; lastKnownFileType = audio.mp3; path = meepo.mp3; sourceTree = "<group>"; };
		532119EE24E7FFAE00458E28 /* kelanjutannya.mp3 */ = {isa = PBXFileReference; lastKnownFileType = audio.mp3; path = kelanjutannya.mp3; sourceTree = "<group>"; };
		532119EF24E7FFAE00458E28 /* Concussive_Hit_Guitar_Boing.mp3 */ = {isa = PBXFileReference; lastKnownFileType = audio.mp3; path = Concussive_Hit_Guitar_Boing.mp3; sourceTree = "<group>"; };
		532119F024E7FFAE00458E28 /* higlight podcast.mp3 */ = {isa = PBXFileReference; lastKnownFileType = audio.mp3; path = "higlight podcast.mp3"; sourceTree = "<group>"; };
		532119F124E7FFAF00458E28 /* Scissor_Snips.mp3 */ = {isa = PBXFileReference; lastKnownFileType = audio.mp3; path = Scissor_Snips.mp3; sourceTree = "<group>"; };
		532119F224E7FFAF00458E28 /* Baseball_Glove_Handling.mp3 */ = {isa = PBXFileReference; lastKnownFileType = audio.mp3; path = Baseball_Glove_Handling.mp3; sourceTree = "<group>"; };
		532119F324E7FFAF00458E28 /* planet.mp3 */ = {isa = PBXFileReference; lastKnownFileType = audio.mp3; path = planet.mp3; sourceTree = "<group>"; };
		532119F424E7FFAF00458E28 /* Car_Door_Closing.mp3 */ = {isa = PBXFileReference; lastKnownFileType = audio.mp3; path = Car_Door_Closing.mp3; sourceTree = "<group>"; };
		532119F524E7FFAF00458E28 /* enjoy podcast on instagram.mp3 */ = {isa = PBXFileReference; lastKnownFileType = audio.mp3; path = "enjoy podcast on instagram.mp3"; sourceTree = "<group>"; };
		5345EACF24CEEB8100C6FFA7 /* ProjectPodcastMC3.app */ = {isa = PBXFileReference; explicitFileType = wrapper.application; includeInIndex = 0; path = ProjectPodcastMC3.app; sourceTree = BUILT_PRODUCTS_DIR; };
		5345EAD224CEEB8100C6FFA7 /* AppDelegate.swift */ = {isa = PBXFileReference; lastKnownFileType = sourcecode.swift; path = AppDelegate.swift; sourceTree = "<group>"; };
		5345EAD424CEEB8100C6FFA7 /* SceneDelegate.swift */ = {isa = PBXFileReference; lastKnownFileType = sourcecode.swift; path = SceneDelegate.swift; sourceTree = "<group>"; };
		5345EAD624CEEB8100C6FFA7 /* ViewController.swift */ = {isa = PBXFileReference; lastKnownFileType = sourcecode.swift; path = ViewController.swift; sourceTree = "<group>"; };
		5345EADB24CEEB8200C6FFA7 /* Assets.xcassets */ = {isa = PBXFileReference; lastKnownFileType = folder.assetcatalog; path = Assets.xcassets; sourceTree = "<group>"; };
		5345EADE24CEEB8200C6FFA7 /* Base */ = {isa = PBXFileReference; lastKnownFileType = file.storyboard; name = Base; path = Base.lproj/LaunchScreen.storyboard; sourceTree = "<group>"; };
		5345EAE024CEEB8200C6FFA7 /* Info.plist */ = {isa = PBXFileReference; lastKnownFileType = text.plist.xml; path = Info.plist; sourceTree = "<group>"; };
		5345EAFF24D92F4200C6FFA7 /* Extensions.swift */ = {isa = PBXFileReference; lastKnownFileType = sourcecode.swift; path = Extensions.swift; sourceTree = "<group>"; };
		5345EB0324D93F6300C6FFA7 /* YourAudioVC.swift */ = {isa = PBXFileReference; lastKnownFileType = sourcecode.swift; path = YourAudioVC.swift; sourceTree = "<group>"; };
		5345EB0624D93F8200C6FFA7 /* YourAudioView.swift */ = {isa = PBXFileReference; lastKnownFileType = sourcecode.swift; path = YourAudioView.swift; sourceTree = "<group>"; };
		5345EB0924D942A800C6FFA7 /* Colors.swift */ = {isa = PBXFileReference; lastKnownFileType = sourcecode.swift; path = Colors.swift; sourceTree = "<group>"; };
		5345EB0B24D9647700C6FFA7 /* SearchPodcastView.swift */ = {isa = PBXFileReference; lastKnownFileType = sourcecode.swift; path = SearchPodcastView.swift; sourceTree = "<group>"; };
		5345EB0E24D9C7A300C6FFA7 /* UploadAudioView.swift */ = {isa = PBXFileReference; lastKnownFileType = sourcecode.swift; path = UploadAudioView.swift; sourceTree = "<group>"; };
		5345EB1224D9EAA600C6FFA7 /* KMConfig.plist */ = {isa = PBXFileReference; lastKnownFileType = text.plist.xml; path = KMConfig.plist; sourceTree = "<group>"; };
		5345EB1524D9EDB700C6FFA7 /* PodcastModel.swift */ = {isa = PBXFileReference; lastKnownFileType = sourcecode.swift; path = PodcastModel.swift; sourceTree = "<group>"; };
		5345EB1724D9F83300C6FFA7 /* ConfigApps.swift */ = {isa = PBXFileReference; lastKnownFileType = sourcecode.swift; path = ConfigApps.swift; sourceTree = "<group>"; };
		5345EB1E24DA681D00C6FFA7 /* Network.swift */ = {isa = PBXFileReference; lastKnownFileType = sourcecode.swift; path = Network.swift; sourceTree = "<group>"; };
		537D36F624E5A17600D6EFE4 /* CustomActionSheet.swift */ = {isa = PBXFileReference; lastKnownFileType = sourcecode.swift; path = CustomActionSheet.swift; sourceTree = "<group>"; };
		538155E424DA7B59005A0709 /* PodcastCell.swift */ = {isa = PBXFileReference; lastKnownFileType = sourcecode.swift; path = PodcastCell.swift; sourceTree = "<group>"; };
		5386CA8B24DB2D41004AD768 /* ApiCallManager.swift */ = {isa = PBXFileReference; lastKnownFileType = sourcecode.swift; path = ApiCallManager.swift; sourceTree = "<group>"; };
		5386CA9024DB3269004AD768 /* DAOPodcastsBaseClass.swift */ = {isa = PBXFileReference; fileEncoding = 4; lastKnownFileType = sourcecode.swift; path = DAOPodcastsBaseClass.swift; sourceTree = "<group>"; };
		5386CA9124DB3269004AD768 /* DAOPodcastResults.swift */ = {isa = PBXFileReference; fileEncoding = 4; lastKnownFileType = sourcecode.swift; path = DAOPodcastResults.swift; sourceTree = "<group>"; };
		5386CA9424DB36A7004AD768 /* BaseNetwork.swift */ = {isa = PBXFileReference; lastKnownFileType = sourcecode.swift; path = BaseNetwork.swift; sourceTree = "<group>"; };
		5386CA9724DB41E2004AD768 /* Constants.swift */ = {isa = PBXFileReference; lastKnownFileType = sourcecode.swift; path = Constants.swift; sourceTree = "<group>"; };
		5386CAB924DC821F004AD768 /* EpisodePodcastView.swift */ = {isa = PBXFileReference; lastKnownFileType = sourcecode.swift; path = EpisodePodcastView.swift; sourceTree = "<group>"; };
		5386CABB24DC8B74004AD768 /* EpisodeModel.swift */ = {isa = PBXFileReference; lastKnownFileType = sourcecode.swift; path = EpisodeModel.swift; sourceTree = "<group>"; };
		5386CABE24DC8E07004AD768 /* DAOEpisodesBaseClass.swift */ = {isa = PBXFileReference; fileEncoding = 4; lastKnownFileType = sourcecode.swift; path = DAOEpisodesBaseClass.swift; sourceTree = "<group>"; };
		5386CABF24DC8E07004AD768 /* DAOEpisodes.swift */ = {isa = PBXFileReference; fileEncoding = 4; lastKnownFileType = sourcecode.swift; path = DAOEpisodes.swift; sourceTree = "<group>"; };
		5386CAC524DD2E57004AD768 /* PreviewAudioVC.swift */ = {isa = PBXFileReference; lastKnownFileType = sourcecode.swift; path = PreviewAudioVC.swift; sourceTree = "<group>"; };
		5386CAC724DD2E71004AD768 /* PreviewAudioView.swift */ = {isa = PBXFileReference; lastKnownFileType = sourcecode.swift; path = PreviewAudioView.swift; sourceTree = "<group>"; };
		5386CACA24DD2FD0004AD768 /* PreviewAudioWireframe.swift */ = {isa = PBXFileReference; lastKnownFileType = sourcecode.swift; path = PreviewAudioWireframe.swift; sourceTree = "<group>"; };
		53881B9724E4281B00D4A892 /* EditAudioVC.swift */ = {isa = PBXFileReference; lastKnownFileType = sourcecode.swift; path = EditAudioVC.swift; sourceTree = "<group>"; };
		53881B9A24E4286700D4A892 /* EditAudioView.swift */ = {isa = PBXFileReference; lastKnownFileType = sourcecode.swift; path = EditAudioView.swift; sourceTree = "<group>"; };
		53881B9C24E4299900D4A892 /* Utils.swift */ = {isa = PBXFileReference; lastKnownFileType = sourcecode.swift; path = Utils.swift; sourceTree = "<group>"; };
		53881BA024E42B7400D4A892 /* EditAudioWireframe.swift */ = {isa = PBXFileReference; lastKnownFileType = sourcecode.swift; path = EditAudioWireframe.swift; sourceTree = "<group>"; };
		53881BA424E4313700D4A892 /* AddSegmentVC.swift */ = {isa = PBXFileReference; lastKnownFileType = sourcecode.swift; path = AddSegmentVC.swift; sourceTree = "<group>"; };
		53881BA724E431D200D4A892 /* AddSegmentView.swift */ = {isa = PBXFileReference; lastKnownFileType = sourcecode.swift; path = AddSegmentView.swift; sourceTree = "<group>"; };
		53881BA924E4326200D4A892 /* TimePickerView.swift */ = {isa = PBXFileReference; lastKnownFileType = sourcecode.swift; path = TimePickerView.swift; sourceTree = "<group>"; };
		53881BAB24E432A200D4A892 /* AddSegmentCell.swift */ = {isa = PBXFileReference; lastKnownFileType = sourcecode.swift; path = AddSegmentCell.swift; sourceTree = "<group>"; };
		53881BAE24E4379C00D4A892 /* SegmentModel.swift */ = {isa = PBXFileReference; lastKnownFileType = sourcecode.swift; path = SegmentModel.swift; sourceTree = "<group>"; };
		53881BB024E4382F00D4A892 /* SegmentCell.swift */ = {isa = PBXFileReference; lastKnownFileType = sourcecode.swift; path = SegmentCell.swift; sourceTree = "<group>"; };
		53881BB224E4F56100D4A892 /* AdditionalSoundsVC.swift */ = {isa = PBXFileReference; lastKnownFileType = sourcecode.swift; path = AdditionalSoundsVC.swift; sourceTree = "<group>"; };
		53881BB524E4F58100D4A892 /* AdditionalSoundsView.swift */ = {isa = PBXFileReference; lastKnownFileType = sourcecode.swift; path = AdditionalSoundsView.swift; sourceTree = "<group>"; };
		53881BBA24E5016300D4A892 /* AdditionalSoundModel.swift */ = {isa = PBXFileReference; lastKnownFileType = sourcecode.swift; path = AdditionalSoundModel.swift; sourceTree = "<group>"; };
		53881BBD24E5017D00D4A892 /* AdditionalSoundWireframe.swift */ = {isa = PBXFileReference; lastKnownFileType = sourcecode.swift; path = AdditionalSoundWireframe.swift; sourceTree = "<group>"; };
		539D188424DAA1FF00585818 /* PodcastWorker.swift */ = {isa = PBXFileReference; lastKnownFileType = sourcecode.swift; path = PodcastWorker.swift; sourceTree = "<group>"; };
		539D188624DAA20B00585818 /* PodcastPresent.swift */ = {isa = PBXFileReference; lastKnownFileType = sourcecode.swift; path = PodcastPresent.swift; sourceTree = "<group>"; };
		53AD0A6324E67FD000632167 /* EditAudioRepository.swift */ = {isa = PBXFileReference; lastKnownFileType = sourcecode.swift; path = EditAudioRepository.swift; sourceTree = "<group>"; };
		53AD0A6624E6924200632167 /* CustomLoadingView.swift */ = {isa = PBXFileReference; lastKnownFileType = sourcecode.swift; path = CustomLoadingView.swift; sourceTree = "<group>"; };
		61E42D29FEDDB1D135C07EB8 /* Pods-ProjectPodcastMC3.release.xcconfig */ = {isa = PBXFileReference; includeInIndex = 1; lastKnownFileType = text.xcconfig; name = "Pods-ProjectPodcastMC3.release.xcconfig"; path = "Target Support Files/Pods-ProjectPodcastMC3/Pods-ProjectPodcastMC3.release.xcconfig"; sourceTree = "<group>"; };
		9130ADF024E3D57E00FBFCB1 /* CreatePageViewController.swift */ = {isa = PBXFileReference; lastKnownFileType = sourcecode.swift; path = CreatePageViewController.swift; sourceTree = "<group>"; };
		9130ADF324E3D60200FBFCB1 /* Theme.swift */ = {isa = PBXFileReference; lastKnownFileType = sourcecode.swift; path = Theme.swift; sourceTree = "<group>"; };
		9130ADF524E3D60F00FBFCB1 /* ThemeProtocol.swift */ = {isa = PBXFileReference; lastKnownFileType = sourcecode.swift; path = ThemeProtocol.swift; sourceTree = "<group>"; };
		9130ADF724E3D61C00FBFCB1 /* DarkTheme.swift */ = {isa = PBXFileReference; lastKnownFileType = sourcecode.swift; path = DarkTheme.swift; sourceTree = "<group>"; };
		9130ADF924E3D6A900FBFCB1 /* DesignAspectRatioViewController.swift */ = {isa = PBXFileReference; lastKnownFileType = sourcecode.swift; path = DesignAspectRatioViewController.swift; sourceTree = "<group>"; };
		9130ADFC24E3E30F00FBFCB1 /* DesignReadyDelegate.swift */ = {isa = PBXFileReference; lastKnownFileType = sourcecode.swift; path = DesignReadyDelegate.swift; sourceTree = "<group>"; };
		9130ADFE24E3E35500FBFCB1 /* YourDesignViewController.swift */ = {isa = PBXFileReference; lastKnownFileType = sourcecode.swift; path = YourDesignViewController.swift; sourceTree = "<group>"; };
		9130AE0024E3E39000FBFCB1 /* YourDesignViewCell.swift */ = {isa = PBXFileReference; lastKnownFileType = sourcecode.swift; path = YourDesignViewCell.swift; sourceTree = "<group>"; };
		9130AE0324E3E4EB00FBFCB1 /* DesignTemplateModel.swift */ = {isa = PBXFileReference; lastKnownFileType = sourcecode.swift; path = DesignTemplateModel.swift; sourceTree = "<group>"; };
		9130AE0524E3E50E00FBFCB1 /* YourDesignModel.swift */ = {isa = PBXFileReference; lastKnownFileType = sourcecode.swift; path = YourDesignModel.swift; sourceTree = "<group>"; };
		9130AE0724E3E56500FBFCB1 /* ChooseTemplateViewController.swift */ = {isa = PBXFileReference; lastKnownFileType = sourcecode.swift; path = ChooseTemplateViewController.swift; sourceTree = "<group>"; };
		9130AE0F24E3E6C700FBFCB1 /* PotraitTemplateCell.swift */ = {isa = PBXFileReference; lastKnownFileType = sourcecode.swift; path = PotraitTemplateCell.swift; sourceTree = "<group>"; };
		9130AE1124E3E6D500FBFCB1 /* SquareTemplateCell.swift */ = {isa = PBXFileReference; lastKnownFileType = sourcecode.swift; path = SquareTemplateCell.swift; sourceTree = "<group>"; };
		9130AE1324E3E7A500FBFCB1 /* EditTemplateViewController.swift */ = {isa = PBXFileReference; lastKnownFileType = sourcecode.swift; path = EditTemplateViewController.swift; sourceTree = "<group>"; };
		9130AE1624E3E87100FBFCB1 /* ChromaColor.swift */ = {isa = PBXFileReference; lastKnownFileType = sourcecode.swift; path = ChromaColor.swift; sourceTree = "<group>"; };
		9130AE1824E3EB2800FBFCB1 /* PotraitReusableView.swift */ = {isa = PBXFileReference; lastKnownFileType = sourcecode.swift; path = PotraitReusableView.swift; sourceTree = "<group>"; };
		9130AE1A24E3EB3400FBFCB1 /* SquareReusableView.swift */ = {isa = PBXFileReference; lastKnownFileType = sourcecode.swift; path = SquareReusableView.swift; sourceTree = "<group>"; };
		9130AE1C24E3ECB300FBFCB1 /* AlertService.swift */ = {isa = PBXFileReference; lastKnownFileType = sourcecode.swift; path = AlertService.swift; sourceTree = "<group>"; };
		9130AE2124E4181800FBFCB1 /* HomepageViewController.swift */ = {isa = PBXFileReference; lastKnownFileType = sourcecode.swift; path = HomepageViewController.swift; sourceTree = "<group>"; };
		9174B7EA24E421CC0071C17C /* MainTabBarController.swift */ = {isa = PBXFileReference; lastKnownFileType = sourcecode.swift; path = MainTabBarController.swift; sourceTree = "<group>"; };
		91FBBCAB24E525600093A63B /* ImageSquare1Template.swift */ = {isa = PBXFileReference; lastKnownFileType = sourcecode.swift; path = ImageSquare1Template.swift; sourceTree = "<group>"; };
		91FBBCAD24E5256F0093A63B /* ImageSquare2Template.swift */ = {isa = PBXFileReference; lastKnownFileType = sourcecode.swift; path = ImageSquare2Template.swift; sourceTree = "<group>"; };
		91FBBCAF24E52C400093A63B /* ImageSquare3Template.swift */ = {isa = PBXFileReference; lastKnownFileType = sourcecode.swift; path = ImageSquare3Template.swift; sourceTree = "<group>"; };
		91FBBCB124E52D410093A63B /* ImageSquare4Template.swift */ = {isa = PBXFileReference; lastKnownFileType = sourcecode.swift; path = ImageSquare4Template.swift; sourceTree = "<group>"; };
		91FBBCB324E52D4F0093A63B /* ImageSquare5Template.swift */ = {isa = PBXFileReference; lastKnownFileType = sourcecode.swift; path = ImageSquare5Template.swift; sourceTree = "<group>"; };
		91FBBCB524E52D640093A63B /* ImagePotrait1Template.swift */ = {isa = PBXFileReference; lastKnownFileType = sourcecode.swift; path = ImagePotrait1Template.swift; sourceTree = "<group>"; };
		91FBBCB724E52D750093A63B /* ImagePotrait2Template.swift */ = {isa = PBXFileReference; lastKnownFileType = sourcecode.swift; path = ImagePotrait2Template.swift; sourceTree = "<group>"; };
		91FBBCB924E52D900093A63B /* ImagePotrait3Template.swift */ = {isa = PBXFileReference; lastKnownFileType = sourcecode.swift; path = ImagePotrait3Template.swift; sourceTree = "<group>"; };
		91FBBCBB24E52D9A0093A63B /* ImagePotrait4Template.swift */ = {isa = PBXFileReference; lastKnownFileType = sourcecode.swift; path = ImagePotrait4Template.swift; sourceTree = "<group>"; };
		91FBBCBD24E52DD90093A63B /* ImagePotrait5Template.swift */ = {isa = PBXFileReference; lastKnownFileType = sourcecode.swift; path = ImagePotrait5Template.swift; sourceTree = "<group>"; };
		91FBBCBF24E52E940093A63B /* ImagePotrait6Template.swift */ = {isa = PBXFileReference; lastKnownFileType = sourcecode.swift; path = ImagePotrait6Template.swift; sourceTree = "<group>"; };
		91FBBCC124E530E90093A63B /* ImageSquare6Template.swift */ = {isa = PBXFileReference; lastKnownFileType = sourcecode.swift; path = ImageSquare6Template.swift; sourceTree = "<group>"; };
		91FBBCC324E530F60093A63B /* ImageSquare7Template.swift */ = {isa = PBXFileReference; lastKnownFileType = sourcecode.swift; path = ImageSquare7Template.swift; sourceTree = "<group>"; };
		99DAF8023533ABD68D33F973 /* Pods_ProjectPodcastMC3.framework */ = {isa = PBXFileReference; explicitFileType = wrapper.framework; includeInIndex = 0; path = Pods_ProjectPodcastMC3.framework; sourceTree = BUILT_PRODUCTS_DIR; };
		A4542D0A24E6D82C002A633A /* LoginWorker.swift */ = {isa = PBXFileReference; lastKnownFileType = sourcecode.swift; path = LoginWorker.swift; sourceTree = "<group>"; };
		A4C3AD7E24E5244700747679 /* DAOVideoBaseClass.swift */ = {isa = PBXFileReference; lastKnownFileType = sourcecode.swift; path = DAOVideoBaseClass.swift; sourceTree = "<group>"; };
		A4C3AD8024E5245700747679 /* DAOVideo.swift */ = {isa = PBXFileReference; lastKnownFileType = sourcecode.swift; path = DAOVideo.swift; sourceTree = "<group>"; };
		A4C3AD8224E53CBC00747679 /* CustomButton.swift */ = {isa = PBXFileReference; lastKnownFileType = sourcecode.swift; path = CustomButton.swift; sourceTree = "<group>"; };
		A4C3AD8524E55BFA00747679 /* VideoPlayerView.swift */ = {isa = PBXFileReference; lastKnownFileType = sourcecode.swift; path = VideoPlayerView.swift; sourceTree = "<group>"; };
		A4C3AD8724E55C8B00747679 /* VideoPodcastView.swift */ = {isa = PBXFileReference; lastKnownFileType = sourcecode.swift; path = VideoPodcastView.swift; sourceTree = "<group>"; };
		A4C3AD8924E55DB000747679 /* VideoPodcastViewController.swift */ = {isa = PBXFileReference; lastKnownFileType = sourcecode.swift; path = VideoPodcastViewController.swift; sourceTree = "<group>"; };
		A4FEBC6B24E3DCEB00110785 /* VideoNetwork.swift */ = {isa = PBXFileReference; lastKnownFileType = sourcecode.swift; path = VideoNetwork.swift; sourceTree = "<group>"; };
		A4FEBC6D24E3ED1600110785 /* VideoCollectionsViewController.swift */ = {isa = PBXFileReference; lastKnownFileType = sourcecode.swift; path = VideoCollectionsViewController.swift; sourceTree = "<group>"; };
		A4FEBC7024E3EDD800110785 /* BaseView.swift */ = {isa = PBXFileReference; lastKnownFileType = sourcecode.swift; path = BaseView.swift; sourceTree = "<group>"; };
		A4FEBC7224E3EE2700110785 /* VideoCollectionsView.swift */ = {isa = PBXFileReference; lastKnownFileType = sourcecode.swift; path = VideoCollectionsView.swift; sourceTree = "<group>"; };
		A4FEBC7524E40D4B00110785 /* CollectionCell.swift */ = {isa = PBXFileReference; lastKnownFileType = sourcecode.swift; path = CollectionCell.swift; sourceTree = "<group>"; };
		A4FEBC7724E40D5900110785 /* BaseCell.swift */ = {isa = PBXFileReference; lastKnownFileType = sourcecode.swift; path = BaseCell.swift; sourceTree = "<group>"; };
		A4FEBC7C24E4114600110785 /* VideoCollectionsProtocol.swift */ = {isa = PBXFileReference; lastKnownFileType = sourcecode.swift; path = VideoCollectionsProtocol.swift; sourceTree = "<group>"; };
		A4FEBC7E24E412AC00110785 /* VideoCollectionsWireframe.swift */ = {isa = PBXFileReference; lastKnownFileType = sourcecode.swift; path = VideoCollectionsWireframe.swift; sourceTree = "<group>"; };
		A4FEBC8024E4136C00110785 /* VideoCollectionsPresenter.swift */ = {isa = PBXFileReference; lastKnownFileType = sourcecode.swift; path = VideoCollectionsPresenter.swift; sourceTree = "<group>"; };
		A4FEBC8224E413B600110785 /* VideoCollectionsInteractor.swift */ = {isa = PBXFileReference; lastKnownFileType = sourcecode.swift; path = VideoCollectionsInteractor.swift; sourceTree = "<group>"; };
		A4FEBC8424E41AF400110785 /* VideoCollectionsWorker.swift */ = {isa = PBXFileReference; lastKnownFileType = sourcecode.swift; path = VideoCollectionsWorker.swift; sourceTree = "<group>"; };
		A4FEBC8724E41D1C00110785 /* VIdeoModel.swift */ = {isa = PBXFileReference; lastKnownFileType = sourcecode.swift; path = VIdeoModel.swift; sourceTree = "<group>"; };
/* End PBXFileReference section */

/* Begin PBXFrameworksBuildPhase section */
		5345EACC24CEEB8100C6FFA7 /* Frameworks */ = {
			isa = PBXFrameworksBuildPhase;
			buildActionMask = 2147483647;
			files = (
				ABC49AF979603BB1E613D6C1 /* Pods_ProjectPodcastMC3.framework in Frameworks */,
			);
			runOnlyForDeploymentPostprocessing = 0;
		};
/* End PBXFrameworksBuildPhase section */

/* Begin PBXGroup section */
		3DAF337C24E3F012005AE6D6 /* OnBoarding */ = {
			isa = PBXGroup;
			children = (
				3DAF338624E3F599005AE6D6 /* OnBoardingController.swift */,
				3DAF337D24E3F163005AE6D6 /* FirstOnBoardingController.swift */,
				3DAF338A24E3F737005AE6D6 /* FirstOnBoardingCell.swift */,
				3DAF338C24E3FA39005AE6D6 /* SecondOnBoardingController.swift */,
				3DAF338424E3F433005AE6D6 /* SecondOnBoardingCell.swift */,
				3DAF337F24E3F184005AE6D6 /* Model */,
			);
			path = OnBoarding;
			sourceTree = "<group>";
		};
		3DAF337F24E3F184005AE6D6 /* Model */ = {
			isa = PBXGroup;
			children = (
				3DAF338024E3F27E005AE6D6 /* FirstCell.swift */,
				3DAF338224E3F39B005AE6D6 /* SecondCell.swift */,
			);
			path = Model;
			sourceTree = "<group>";
		};
		3DAF338F24E40D83005AE6D6 /* LoginAppleID */ = {
			isa = PBXGroup;
			children = (
				A4542D0924E6D81E002A633A /* Worker */,
				3DAF339024E40DB0005AE6D6 /* LoginViewController.swift */,
				3DAF339224E40E09005AE6D6 /* keychainItem.swift */,
			);
			path = LoginAppleID;
			sourceTree = "<group>";
		};
		5345EAC624CEEB8000C6FFA7 = {
			isa = PBXGroup;
			children = (
				5345EAD124CEEB8100C6FFA7 /* ProjectPodcastMC3 */,
				5345EAD024CEEB8100C6FFA7 /* Products */,
				7A2672A00E4E53F1D60226F4 /* Pods */,
				BC8C6414BFDF9B9026C96655 /* Frameworks */,
			);
			sourceTree = "<group>";
		};
		5345EAD024CEEB8100C6FFA7 /* Products */ = {
			isa = PBXGroup;
			children = (
				5345EACF24CEEB8100C6FFA7 /* ProjectPodcastMC3.app */,
			);
			name = Products;
			sourceTree = "<group>";
		};
		5345EAD124CEEB8100C6FFA7 /* ProjectPodcastMC3 */ = {
			isa = PBXGroup;
			children = (
				A4C3AD8424E55BD900747679 /* Video Player */,
				A47196AB24DEDE6D00546937 /* VideoCollections */,
				3DAF338E24E40D6F005AE6D6 /* ProjectPodcastMC3.entitlements */,
				5345EAD224CEEB8100C6FFA7 /* AppDelegate.swift */,
				5345EAD424CEEB8100C6FFA7 /* SceneDelegate.swift */,
				3DAF338F24E40D83005AE6D6 /* LoginAppleID */,
				3DAF337C24E3F012005AE6D6 /* OnBoarding */,
				9130AE1E24E4010600FBFCB1 /* Homepage */,
				53AD0A6524E6813500632167 /* Additional Audio */,
				5345EB0824D9428E00C6FFA7 /* Utils */,
				9130AE1524E3E84900FBFCB1 /* ReusableView */,
				9130ADEF24E3D55200FBFCB1 /* Create Page */,
				9130ADFB24E3DF5E00FBFCB1 /* YourDesignPage */,
				5345EB0824D9428E00C6FFA7 /* Utils */,
				9130AE1524E3E84900FBFCB1 /* ReusableView */,
				5345EB0124D937F900C6FFA7 /* Your Audio */,
				5386CAC224DD2E00004AD768 /* Preview Audio */,
				53881B9524E427E400D4A892 /* Edit Audio */,
				53881BB424E4F56400D4A892 /* Additional Sounds */,
				5345EB1424D9EAE900C6FFA7 /* UNetwork */,
				5345EAD624CEEB8100C6FFA7 /* ViewController.swift */,
				5345EAE024CEEB8200C6FFA7 /* Info.plist */,
				5345EB1224D9EAA600C6FFA7 /* KMConfig.plist */,
				5345EADB24CEEB8200C6FFA7 /* Assets.xcassets */,
				5345EADD24CEEB8200C6FFA7 /* LaunchScreen.storyboard */,
			);
			path = ProjectPodcastMC3;
			sourceTree = "<group>";
		};
		5345EB0124D937F900C6FFA7 /* Your Audio */ = {
			isa = PBXGroup;
			children = (
				5345EB0224D93C5B00C6FFA7 /* Controllers */,
				5345EB1024D9E71600C6FFA7 /* Model */,
				539D188324DA9EA000585818 /* Present */,
				539D188224DA9E9700585818 /* Worker */,
			);
			path = "Your Audio";
			sourceTree = "<group>";
		};
		5345EB0224D93C5B00C6FFA7 /* Controllers */ = {
			isa = PBXGroup;
			children = (
				5345EB0524D93F6F00C6FFA7 /* Views */,
				5345EB0324D93F6300C6FFA7 /* YourAudioVC.swift */,
			);
			path = Controllers;
			sourceTree = "<group>";
		};
		5345EB0524D93F6F00C6FFA7 /* Views */ = {
			isa = PBXGroup;
			children = (
				539D188124DA89AA00585818 /* Cell */,
				5345EB0624D93F8200C6FFA7 /* YourAudioView.swift */,
				5345EB0B24D9647700C6FFA7 /* SearchPodcastView.swift */,
				5345EB0E24D9C7A300C6FFA7 /* UploadAudioView.swift */,
				5386CAB924DC821F004AD768 /* EpisodePodcastView.swift */,
			);
			path = Views;
			sourceTree = "<group>";
		};
		5345EB0824D9428E00C6FFA7 /* Utils */ = {
			isa = PBXGroup;
			children = (
				537D36F824E5A40700D6EFE4 /* Custom */,
				9130ADF224E3D5CF00FBFCB1 /* Theme */,
				53881B9C24E4299900D4A892 /* Utils.swift */,
				5345EAFF24D92F4200C6FFA7 /* Extensions.swift */,
				5345EB0924D942A800C6FFA7 /* Colors.swift */,
				5386CA9724DB41E2004AD768 /* Constants.swift */,
				9130ADFC24E3E30F00FBFCB1 /* DesignReadyDelegate.swift */,
				9130AE1C24E3ECB300FBFCB1 /* AlertService.swift */,
			);
			path = Utils;
			sourceTree = "<group>";
		};
		5345EB1024D9E71600C6FFA7 /* Model */ = {
			isa = PBXGroup;
			children = (
				5345EB1524D9EDB700C6FFA7 /* PodcastModel.swift */,
				5386CABB24DC8B74004AD768 /* EpisodeModel.swift */,
			);
			path = Model;
			sourceTree = "<group>";
		};
		5345EB1424D9EAE900C6FFA7 /* UNetwork */ = {
			isa = PBXGroup;
			children = (
				5386CA8E24DB31BC004AD768 /* Common */,
				5386CA8D24DB319F004AD768 /* Network */,
				5386CA8F24DB3258004AD768 /* DAO */,
			);
			path = UNetwork;
			sourceTree = "<group>";
		};
		537D36F824E5A40700D6EFE4 /* Custom */ = {
			isa = PBXGroup;
			children = (
				537D36F624E5A17600D6EFE4 /* CustomActionSheet.swift */,
				53AD0A6624E6924200632167 /* CustomLoadingView.swift */,
			);
			path = Custom;
			sourceTree = "<group>";
		};
		5386CA8D24DB319F004AD768 /* Network */ = {
			isa = PBXGroup;
			children = (
				5345EB1E24DA681D00C6FFA7 /* Network.swift */,
				5386CA8B24DB2D41004AD768 /* ApiCallManager.swift */,
				A4FEBC6B24E3DCEB00110785 /* VideoNetwork.swift */,
			);
			path = Network;
			sourceTree = "<group>";
		};
		5386CA8E24DB31BC004AD768 /* Common */ = {
			isa = PBXGroup;
			children = (
				5345EB1724D9F83300C6FFA7 /* ConfigApps.swift */,
				5386CA9424DB36A7004AD768 /* BaseNetwork.swift */,
			);
			path = Common;
			sourceTree = "<group>";
		};
		5386CA8F24DB3258004AD768 /* DAO */ = {
			isa = PBXGroup;
			children = (
				A4C3AD7D24E5243000747679 /* Video */,
				5386CABD24DC8DD6004AD768 /* Episode */,
				5386CA9624DB382A004AD768 /* Podcast */,
			);
			path = DAO;
			sourceTree = "<group>";
		};
		5386CA9624DB382A004AD768 /* Podcast */ = {
			isa = PBXGroup;
			children = (
				5386CA9024DB3269004AD768 /* DAOPodcastsBaseClass.swift */,
				5386CA9124DB3269004AD768 /* DAOPodcastResults.swift */,
			);
			path = Podcast;
			sourceTree = "<group>";
		};
		5386CABD24DC8DD6004AD768 /* Episode */ = {
			isa = PBXGroup;
			children = (
				5386CABE24DC8E07004AD768 /* DAOEpisodesBaseClass.swift */,
				5386CABF24DC8E07004AD768 /* DAOEpisodes.swift */,
			);
			path = Episode;
			sourceTree = "<group>";
		};
		5386CAC224DD2E00004AD768 /* Preview Audio */ = {
			isa = PBXGroup;
			children = (
				5386CAC324DD2E1F004AD768 /* Controllers */,
				5386CAC924DD2FA5004AD768 /* Wireframe */,
			);
			path = "Preview Audio";
			sourceTree = "<group>";
		};
		5386CAC324DD2E1F004AD768 /* Controllers */ = {
			isa = PBXGroup;
			children = (
				5386CAC424DD2E27004AD768 /* Views */,
				5386CAC524DD2E57004AD768 /* PreviewAudioVC.swift */,
			);
			path = Controllers;
			sourceTree = "<group>";
		};
		5386CAC424DD2E27004AD768 /* Views */ = {
			isa = PBXGroup;
			children = (
				5386CAC724DD2E71004AD768 /* PreviewAudioView.swift */,
			);
			path = Views;
			sourceTree = "<group>";
		};
		5386CAC924DD2FA5004AD768 /* Wireframe */ = {
			isa = PBXGroup;
			children = (
				5386CACA24DD2FD0004AD768 /* PreviewAudioWireframe.swift */,
			);
			path = Wireframe;
			sourceTree = "<group>";
		};
		53881B9524E427E400D4A892 /* Edit Audio */ = {
			isa = PBXGroup;
			children = (
				53881B9624E427F600D4A892 /* Controllers */,
				53881BAD24E4378D00D4A892 /* Model */,
				53AD0A6224E67FC000632167 /* Repository */,
				53881B9E24E42B4400D4A892 /* Wireframe */,
			);
			path = "Edit Audio";
			sourceTree = "<group>";
		};
		53881B9624E427F600D4A892 /* Controllers */ = {
			isa = PBXGroup;
			children = (
				53881BA324E4311900D4A892 /* Add Segment */,
				53881BA224E430FE00D4A892 /* SegmentAudio */,
			);
			path = Controllers;
			sourceTree = "<group>";
		};
		53881B9924E4284D00D4A892 /* Views */ = {
			isa = PBXGroup;
			children = (
				53881B9A24E4286700D4A892 /* EditAudioView.swift */,
				53881BB024E4382F00D4A892 /* SegmentCell.swift */,
			);
			path = Views;
			sourceTree = "<group>";
		};
		53881B9E24E42B4400D4A892 /* Wireframe */ = {
			isa = PBXGroup;
			children = (
				53881BA024E42B7400D4A892 /* EditAudioWireframe.swift */,
			);
			path = Wireframe;
			sourceTree = "<group>";
		};
		53881BA224E430FE00D4A892 /* SegmentAudio */ = {
			isa = PBXGroup;
			children = (
				53881B9924E4284D00D4A892 /* Views */,
				53881B9724E4281B00D4A892 /* EditAudioVC.swift */,
			);
			path = SegmentAudio;
			sourceTree = "<group>";
		};
		53881BA324E4311900D4A892 /* Add Segment */ = {
			isa = PBXGroup;
			children = (
				53881BA624E4319600D4A892 /* Views */,
				53881BA424E4313700D4A892 /* AddSegmentVC.swift */,
			);
			path = "Add Segment";
			sourceTree = "<group>";
		};
		53881BA624E4319600D4A892 /* Views */ = {
			isa = PBXGroup;
			children = (
				53881BA724E431D200D4A892 /* AddSegmentView.swift */,
				53881BA924E4326200D4A892 /* TimePickerView.swift */,
				53881BAB24E432A200D4A892 /* AddSegmentCell.swift */,
			);
			path = Views;
			sourceTree = "<group>";
		};
		53881BAD24E4378D00D4A892 /* Model */ = {
			isa = PBXGroup;
			children = (
				53881BAE24E4379C00D4A892 /* SegmentModel.swift */,
			);
			path = Model;
			sourceTree = "<group>";
		};
		53881BB424E4F56400D4A892 /* Additional Sounds */ = {
			isa = PBXGroup;
			children = (
				53881BB724E5012F00D4A892 /* Controllers */,
				53881BB924E5014C00D4A892 /* Model */,
				53881BBC24E5016900D4A892 /* Wireframe */,
			);
			path = "Additional Sounds";
			sourceTree = "<group>";
		};
		53881BB724E5012F00D4A892 /* Controllers */ = {
			isa = PBXGroup;
			children = (
				53881BB824E5013B00D4A892 /* Views */,
				53881BB224E4F56100D4A892 /* AdditionalSoundsVC.swift */,
			);
			path = Controllers;
			sourceTree = "<group>";
		};
		53881BB824E5013B00D4A892 /* Views */ = {
			isa = PBXGroup;
			children = (
				53881BB524E4F58100D4A892 /* AdditionalSoundsView.swift */,
			);
			path = Views;
			sourceTree = "<group>";
		};
		53881BB924E5014C00D4A892 /* Model */ = {
			isa = PBXGroup;
			children = (
				53881BBA24E5016300D4A892 /* AdditionalSoundModel.swift */,
			);
			path = Model;
			sourceTree = "<group>";
		};
		53881BBC24E5016900D4A892 /* Wireframe */ = {
			isa = PBXGroup;
			children = (
				53881BBD24E5017D00D4A892 /* AdditionalSoundWireframe.swift */,
			);
			path = Wireframe;
			sourceTree = "<group>";
		};
		539D188124DA89AA00585818 /* Cell */ = {
			isa = PBXGroup;
			children = (
				538155E424DA7B59005A0709 /* PodcastCell.swift */,
			);
			path = Cell;
			sourceTree = "<group>";
		};
		539D188224DA9E9700585818 /* Worker */ = {
			isa = PBXGroup;
			children = (
				539D188424DAA1FF00585818 /* PodcastWorker.swift */,
			);
			path = Worker;
			sourceTree = "<group>";
		};
		539D188324DA9EA000585818 /* Present */ = {
			isa = PBXGroup;
			children = (
				539D188624DAA20B00585818 /* PodcastPresent.swift */,
			);
			path = Present;
			sourceTree = "<group>";
		};
		53AD0A6224E67FC000632167 /* Repository */ = {
			isa = PBXGroup;
			children = (
				53AD0A6324E67FD000632167 /* EditAudioRepository.swift */,
			);
			path = Repository;
			sourceTree = "<group>";
		};
		53AD0A6524E6813500632167 /* Additional Audio */ = {
			isa = PBXGroup;
			children = (
				532119EA24E7FFAD00458E28 /* Aggressive_Motorcycle.mp3 */,
				532119E024E7FFAB00458E28 /* Alarm_Clock.mp3 */,
				532119E624E7FFAC00458E28 /* apa yang baru.mp3 */,
				532119F224E7FFAF00458E28 /* Baseball_Glove_Handling.mp3 */,
				532119E324E7FFAC00458E28 /* Beep_Short.mp3 */,
				532119E924E7FFAD00458E28 /* Broken_plates.mp3 */,
				532119F424E7FFAF00458E28 /* Car_Door_Closing.mp3 */,
				532119DD24E7FFAA00458E28 /* Car_Door_Open_Shut.mp3 */,
				532119E724E7FFAC00458E28 /* Car_Door.mp3 */,
				532119DF24E7FFAB00458E28 /* Cartoon_Boing.mp3 */,
				532119E124E7FFAB00458E28 /* Cartoon_Cowbell.mp3 */,
				532119DE24E7FFAB00458E28 /* Cat_Purr.mp3 */,
				532119E424E7FFAC00458E28 /* Concussive_Guitar_Hit.mp3 */,
				532119EF24E7FFAE00458E28 /* Concussive_Hit_Guitar_Boing.mp3 */,
				532119E824E7FFAD00458E28 /* Dream_Breath.mp3 */,
				532119EB24E7FFAD00458E28 /* Drinking_from_Water_Fountain.mp3 */,
				532119E224E7FFAB00458E28 /* Emergency_Siren_Distant.mp3 */,
				532119F524E7FFAF00458E28 /* enjoy podcast on instagram.mp3 */,
				532119EC24E7FFAD00458E28 /* Female_Crowd_Celebration.mp3 */,
				532119F024E7FFAE00458E28 /* higlight podcast.mp3 */,
				532119E524E7FFAC00458E28 /* kelanjutannya 1.mp3 */,
				532119EE24E7FFAE00458E28 /* kelanjutannya.mp3 */,
				532119ED24E7FFAE00458E28 /* meepo.mp3 */,
				532119F324E7FFAF00458E28 /* planet.mp3 */,
				532119F124E7FFAF00458E28 /* Scissor_Snips.mp3 */,
			);
			path = "Additional Audio";
			sourceTree = "<group>";
		};
		7A2672A00E4E53F1D60226F4 /* Pods */ = {
			isa = PBXGroup;
			children = (
				3DF7FD290F6DC8921EE4E20E /* Pods-ProjectPodcastMC3.debug.xcconfig */,
				61E42D29FEDDB1D135C07EB8 /* Pods-ProjectPodcastMC3.release.xcconfig */,
			);
			path = Pods;
			sourceTree = "<group>";
		};
		9130ADEF24E3D55200FBFCB1 /* Create Page */ = {
			isa = PBXGroup;
			children = (
				9130ADF024E3D57E00FBFCB1 /* CreatePageViewController.swift */,
				9130ADF924E3D6A900FBFCB1 /* DesignAspectRatioViewController.swift */,
			);
			path = "Create Page";
			sourceTree = "<group>";
		};
		9130ADF224E3D5CF00FBFCB1 /* Theme */ = {
			isa = PBXGroup;
			children = (
				9130ADF324E3D60200FBFCB1 /* Theme.swift */,
				9130ADF524E3D60F00FBFCB1 /* ThemeProtocol.swift */,
				9130ADF724E3D61C00FBFCB1 /* DarkTheme.swift */,
			);
			path = Theme;
			sourceTree = "<group>";
		};
		9130ADFB24E3DF5E00FBFCB1 /* YourDesignPage */ = {
			isa = PBXGroup;
			children = (
				9130AE0924E3E59400FBFCB1 /* Start */,
				9130AE0C24E3E64E00FBFCB1 /* Edit Template */,
			);
			path = YourDesignPage;
			sourceTree = "<group>";
		};
		9130AE0224E3E4C100FBFCB1 /* Model */ = {
			isa = PBXGroup;
			children = (
				9130AE0524E3E50E00FBFCB1 /* YourDesignModel.swift */,
			);
			path = Model;
			sourceTree = "<group>";
		};
		9130AE0924E3E59400FBFCB1 /* Start */ = {
			isa = PBXGroup;
			children = (
				9130AE0224E3E4C100FBFCB1 /* Model */,
				9130AE0A24E3E60500FBFCB1 /* VC */,
			);
			path = Start;
			sourceTree = "<group>";
		};
		9130AE0A24E3E60500FBFCB1 /* VC */ = {
			isa = PBXGroup;
			children = (
				9130ADFE24E3E35500FBFCB1 /* YourDesignViewController.swift */,
				9130AE0024E3E39000FBFCB1 /* YourDesignViewCell.swift */,
			);
			path = VC;
			sourceTree = "<group>";
		};
		9130AE0C24E3E64E00FBFCB1 /* Edit Template */ = {
			isa = PBXGroup;
			children = (
				9130AE0D24E3E65D00FBFCB1 /* Model */,
				9130AE0E24E3E66A00FBFCB1 /* VC */,
			);
			path = "Edit Template";
			sourceTree = "<group>";
		};
		9130AE0D24E3E65D00FBFCB1 /* Model */ = {
			isa = PBXGroup;
			children = (
				9130AE0324E3E4EB00FBFCB1 /* DesignTemplateModel.swift */,
			);
			path = Model;
			sourceTree = "<group>";
		};
		9130AE0E24E3E66A00FBFCB1 /* VC */ = {
			isa = PBXGroup;
			children = (
				9130AE0724E3E56500FBFCB1 /* ChooseTemplateViewController.swift */,
				9130AE0F24E3E6C700FBFCB1 /* PotraitTemplateCell.swift */,
				9130AE1124E3E6D500FBFCB1 /* SquareTemplateCell.swift */,
				9130AE1324E3E7A500FBFCB1 /* EditTemplateViewController.swift */,
				9130AE1624E3E87100FBFCB1 /* ChromaColor.swift */,
			);
			path = VC;
			sourceTree = "<group>";
		};
		9130AE1524E3E84900FBFCB1 /* ReusableView */ = {
			isa = PBXGroup;
			children = (
				91FBBCAA24E525470093A63B /* Potrait */,
				91FBBCA924E5253E0093A63B /* Square */,
				9130AE1824E3EB2800FBFCB1 /* PotraitReusableView.swift */,
				9130AE1A24E3EB3400FBFCB1 /* SquareReusableView.swift */,
			);
			path = ReusableView;
			sourceTree = "<group>";
		};
		9130AE1E24E4010600FBFCB1 /* Homepage */ = {
			isa = PBXGroup;
			children = (
				9174B7EA24E421CC0071C17C /* MainTabBarController.swift */,
				9130AE2124E4181800FBFCB1 /* HomepageViewController.swift */,
			);
			path = Homepage;
			sourceTree = "<group>";
		};
		91FBBCA924E5253E0093A63B /* Square */ = {
			isa = PBXGroup;
			children = (
				91FBBCAB24E525600093A63B /* ImageSquare1Template.swift */,
				91FBBCAD24E5256F0093A63B /* ImageSquare2Template.swift */,
				91FBBCAF24E52C400093A63B /* ImageSquare3Template.swift */,
				91FBBCB124E52D410093A63B /* ImageSquare4Template.swift */,
				91FBBCB324E52D4F0093A63B /* ImageSquare5Template.swift */,
				91FBBCC124E530E90093A63B /* ImageSquare6Template.swift */,
				91FBBCC324E530F60093A63B /* ImageSquare7Template.swift */,
			);
			path = Square;
			sourceTree = "<group>";
		};
		91FBBCAA24E525470093A63B /* Potrait */ = {
			isa = PBXGroup;
			children = (
				91FBBCB524E52D640093A63B /* ImagePotrait1Template.swift */,
				91FBBCB724E52D750093A63B /* ImagePotrait2Template.swift */,
				91FBBCB924E52D900093A63B /* ImagePotrait3Template.swift */,
				91FBBCBB24E52D9A0093A63B /* ImagePotrait4Template.swift */,
				91FBBCBD24E52DD90093A63B /* ImagePotrait5Template.swift */,
				91FBBCBF24E52E940093A63B /* ImagePotrait6Template.swift */,
			);
			path = Potrait;
			sourceTree = "<group>";
		};
		A4542D0924E6D81E002A633A /* Worker */ = {
			isa = PBXGroup;
			children = (
				A4542D0A24E6D82C002A633A /* LoginWorker.swift */,
			);
			path = Worker;
			sourceTree = "<group>";
		};
		A47196AB24DEDE6D00546937 /* VideoCollections */ = {
			isa = PBXGroup;
			children = (
				A4FEBC8924E420BF00110785 /* Worker */,
				A4FEBC8624E41D0F00110785 /* Entity */,
				A47196B024DEDEBF00546937 /* Wireframe */,
				A47196AF24DEDEB600546937 /* Presenter */,
				A47196AE24DEDEA900546937 /* Interactor */,
				A47196AD24DEDE9F00546937 /* Protocols */,
				A47196AC24DEDE7A00546937 /* Controller */,
			);
			path = VideoCollections;
			sourceTree = "<group>";
		};
		A47196AC24DEDE7A00546937 /* Controller */ = {
			isa = PBXGroup;
			children = (
				A4FEBC6F24E3EDC500110785 /* Views */,
				A4FEBC6D24E3ED1600110785 /* VideoCollectionsViewController.swift */,
			);
			path = Controller;
			sourceTree = "<group>";
		};
		A47196AD24DEDE9F00546937 /* Protocols */ = {
			isa = PBXGroup;
			children = (
				A4FEBC7C24E4114600110785 /* VideoCollectionsProtocol.swift */,
			);
			path = Protocols;
			sourceTree = "<group>";
		};
		A47196AE24DEDEA900546937 /* Interactor */ = {
			isa = PBXGroup;
			children = (
				A4FEBC8224E413B600110785 /* VideoCollectionsInteractor.swift */,
			);
			path = Interactor;
			sourceTree = "<group>";
		};
		A47196AF24DEDEB600546937 /* Presenter */ = {
			isa = PBXGroup;
			children = (
				A4FEBC8024E4136C00110785 /* VideoCollectionsPresenter.swift */,
			);
			path = Presenter;
			sourceTree = "<group>";
		};
		A47196B024DEDEBF00546937 /* Wireframe */ = {
			isa = PBXGroup;
			children = (
				A4FEBC7E24E412AC00110785 /* VideoCollectionsWireframe.swift */,
			);
			path = Wireframe;
			sourceTree = "<group>";
		};
		A4C3AD7D24E5243000747679 /* Video */ = {
			isa = PBXGroup;
			children = (
				A4C3AD7E24E5244700747679 /* DAOVideoBaseClass.swift */,
				A4C3AD8024E5245700747679 /* DAOVideo.swift */,
			);
			path = Video;
			sourceTree = "<group>";
		};
		A4C3AD8424E55BD900747679 /* Video Player */ = {
			isa = PBXGroup;
			children = (
				A4C3AD8524E55BFA00747679 /* VideoPlayerView.swift */,
				A4C3AD8724E55C8B00747679 /* VideoPodcastView.swift */,
				A4C3AD8924E55DB000747679 /* VideoPodcastViewController.swift */,
			);
			path = "Video Player";
			sourceTree = "<group>";
		};
		A4FEBC6F24E3EDC500110785 /* Views */ = {
			isa = PBXGroup;
			children = (
				A4FEBC7424E40D3D00110785 /* Cell */,
				A4FEBC7024E3EDD800110785 /* BaseView.swift */,
				A4FEBC7224E3EE2700110785 /* VideoCollectionsView.swift */,
				A4C3AD8224E53CBC00747679 /* CustomButton.swift */,
			);
			path = Views;
			sourceTree = "<group>";
		};
		A4FEBC7424E40D3D00110785 /* Cell */ = {
			isa = PBXGroup;
			children = (
				A4FEBC7524E40D4B00110785 /* CollectionCell.swift */,
				A4FEBC7724E40D5900110785 /* BaseCell.swift */,
			);
			path = Cell;
			sourceTree = "<group>";
		};
		A4FEBC8624E41D0F00110785 /* Entity */ = {
			isa = PBXGroup;
			children = (
				A4FEBC8724E41D1C00110785 /* VIdeoModel.swift */,
			);
			path = Entity;
			sourceTree = "<group>";
		};
		A4FEBC8924E420BF00110785 /* Worker */ = {
			isa = PBXGroup;
			children = (
				A4FEBC8424E41AF400110785 /* VideoCollectionsWorker.swift */,
			);
			path = Worker;
			sourceTree = "<group>";
		};
		BC8C6414BFDF9B9026C96655 /* Frameworks */ = {
			isa = PBXGroup;
			children = (
				99DAF8023533ABD68D33F973 /* Pods_ProjectPodcastMC3.framework */,
			);
			name = Frameworks;
			sourceTree = "<group>";
		};
/* End PBXGroup section */

/* Begin PBXNativeTarget section */
		5345EACE24CEEB8100C6FFA7 /* ProjectPodcastMC3 */ = {
			isa = PBXNativeTarget;
			buildConfigurationList = 5345EAE324CEEB8200C6FFA7 /* Build configuration list for PBXNativeTarget "ProjectPodcastMC3" */;
			buildPhases = (
				5A67C9C5676F8116D6115771 /* [CP] Check Pods Manifest.lock */,
				5345EACB24CEEB8100C6FFA7 /* Sources */,
				5345EACC24CEEB8100C6FFA7 /* Frameworks */,
				5345EACD24CEEB8100C6FFA7 /* Resources */,
				E2504DE1CE909D5D9141BA89 /* [CP] Embed Pods Frameworks */,
			);
			buildRules = (
			);
			dependencies = (
			);
			name = ProjectPodcastMC3;
			productName = ProjectPodcastMC3;
			productReference = 5345EACF24CEEB8100C6FFA7 /* ProjectPodcastMC3.app */;
			productType = "com.apple.product-type.application";
		};
/* End PBXNativeTarget section */

/* Begin PBXProject section */
		5345EAC724CEEB8000C6FFA7 /* Project object */ = {
			isa = PBXProject;
			attributes = {
				LastSwiftUpdateCheck = 1130;
				LastUpgradeCheck = 1130;
				ORGANIZATIONNAME = "Reynaldi Wijaya";
				TargetAttributes = {
					5345EACE24CEEB8100C6FFA7 = {
						CreatedOnToolsVersion = 11.3.1;
					};
				};
			};
			buildConfigurationList = 5345EACA24CEEB8000C6FFA7 /* Build configuration list for PBXProject "ProjectPodcastMC3" */;
			compatibilityVersion = "Xcode 9.3";
			developmentRegion = en;
			hasScannedForEncodings = 0;
			knownRegions = (
				en,
				Base,
			);
			mainGroup = 5345EAC624CEEB8000C6FFA7;
			productRefGroup = 5345EAD024CEEB8100C6FFA7 /* Products */;
			projectDirPath = "";
			projectRoot = "";
			targets = (
				5345EACE24CEEB8100C6FFA7 /* ProjectPodcastMC3 */,
			);
		};
/* End PBXProject section */

/* Begin PBXResourcesBuildPhase section */
		5345EACD24CEEB8100C6FFA7 /* Resources */ = {
			isa = PBXResourcesBuildPhase;
			buildActionMask = 2147483647;
			files = (
				5345EADF24CEEB8200C6FFA7 /* LaunchScreen.storyboard in Resources */,
				532119F824E7FFAF00458E28 /* Cartoon_Boing.mp3 in Resources */,
				532119FF24E7FFAF00458E28 /* apa yang baru.mp3 in Resources */,
				532119F624E7FFAF00458E28 /* Car_Door_Open_Shut.mp3 in Resources */,
				5345EADC24CEEB8200C6FFA7 /* Assets.xcassets in Resources */,
				53211A0524E7FFAF00458E28 /* Female_Crowd_Celebration.mp3 in Resources */,
				5345EB1324D9EAA600C6FFA7 /* KMConfig.plist in Resources */,
				53211A0124E7FFAF00458E28 /* Dream_Breath.mp3 in Resources */,
				532119F924E7FFAF00458E28 /* Alarm_Clock.mp3 in Resources */,
				53211A0B24E7FFAF00458E28 /* Baseball_Glove_Handling.mp3 in Resources */,
				53211A0A24E7FFAF00458E28 /* Scissor_Snips.mp3 in Resources */,
				53211A0424E7FFAF00458E28 /* Drinking_from_Water_Fountain.mp3 in Resources */,
				53211A0224E7FFAF00458E28 /* Broken_plates.mp3 in Resources */,
				532119FD24E7FFAF00458E28 /* Concussive_Guitar_Hit.mp3 in Resources */,
				53211A0324E7FFAF00458E28 /* Aggressive_Motorcycle.mp3 in Resources */,
				532119FE24E7FFAF00458E28 /* kelanjutannya 1.mp3 in Resources */,
				53211A0824E7FFAF00458E28 /* Concussive_Hit_Guitar_Boing.mp3 in Resources */,
				53211A0924E7FFAF00458E28 /* higlight podcast.mp3 in Resources */,
				532119FA24E7FFAF00458E28 /* Cartoon_Cowbell.mp3 in Resources */,
				532119FC24E7FFAF00458E28 /* Beep_Short.mp3 in Resources */,
				53211A0D24E7FFAF00458E28 /* Car_Door_Closing.mp3 in Resources */,
				532119FB24E7FFAF00458E28 /* Emergency_Siren_Distant.mp3 in Resources */,
				53211A0624E7FFAF00458E28 /* meepo.mp3 in Resources */,
				53211A0724E7FFAF00458E28 /* kelanjutannya.mp3 in Resources */,
				532119F724E7FFAF00458E28 /* Cat_Purr.mp3 in Resources */,
				53211A0C24E7FFAF00458E28 /* planet.mp3 in Resources */,
				53211A0E24E7FFAF00458E28 /* enjoy podcast on instagram.mp3 in Resources */,
				53211A0024E7FFAF00458E28 /* Car_Door.mp3 in Resources */,
			);
			runOnlyForDeploymentPostprocessing = 0;
		};
/* End PBXResourcesBuildPhase section */

/* Begin PBXShellScriptBuildPhase section */
		5A67C9C5676F8116D6115771 /* [CP] Check Pods Manifest.lock */ = {
			isa = PBXShellScriptBuildPhase;
			buildActionMask = 2147483647;
			files = (
			);
			inputFileListPaths = (
			);
			inputPaths = (
				"${PODS_PODFILE_DIR_PATH}/Podfile.lock",
				"${PODS_ROOT}/Manifest.lock",
			);
			name = "[CP] Check Pods Manifest.lock";
			outputFileListPaths = (
			);
			outputPaths = (
				"$(DERIVED_FILE_DIR)/Pods-ProjectPodcastMC3-checkManifestLockResult.txt",
			);
			runOnlyForDeploymentPostprocessing = 0;
			shellPath = /bin/sh;
			shellScript = "diff \"${PODS_PODFILE_DIR_PATH}/Podfile.lock\" \"${PODS_ROOT}/Manifest.lock\" > /dev/null\nif [ $? != 0 ] ; then\n    # print error to STDERR\n    echo \"error: The sandbox is not in sync with the Podfile.lock. Run 'pod install' or update your CocoaPods installation.\" >&2\n    exit 1\nfi\n# This output is used by Xcode 'outputs' to avoid re-running this script phase.\necho \"SUCCESS\" > \"${SCRIPT_OUTPUT_FILE_0}\"\n";
			showEnvVarsInLog = 0;
		};
		E2504DE1CE909D5D9141BA89 /* [CP] Embed Pods Frameworks */ = {
			isa = PBXShellScriptBuildPhase;
			buildActionMask = 2147483647;
			files = (
			);
			inputFileListPaths = (
				"${PODS_ROOT}/Target Support Files/Pods-ProjectPodcastMC3/Pods-ProjectPodcastMC3-frameworks-${CONFIGURATION}-input-files.xcfilelist",
			);
			name = "[CP] Embed Pods Frameworks";
			outputFileListPaths = (
				"${PODS_ROOT}/Target Support Files/Pods-ProjectPodcastMC3/Pods-ProjectPodcastMC3-frameworks-${CONFIGURATION}-output-files.xcfilelist",
			);
			runOnlyForDeploymentPostprocessing = 0;
			shellPath = /bin/sh;
			shellScript = "\"${PODS_ROOT}/Target Support Files/Pods-ProjectPodcastMC3/Pods-ProjectPodcastMC3-frameworks.sh\"\n";
			showEnvVarsInLog = 0;
		};
/* End PBXShellScriptBuildPhase section */

/* Begin PBXSourcesBuildPhase section */
		5345EACB24CEEB8100C6FFA7 /* Sources */ = {
			isa = PBXSourcesBuildPhase;
			buildActionMask = 2147483647;
			files = (
				5386CA8C24DB2D41004AD768 /* ApiCallManager.swift in Sources */,
				3DAF337E24E3F163005AE6D6 /* FirstOnBoardingController.swift in Sources */,
				5345EB0424D93F6300C6FFA7 /* YourAudioVC.swift in Sources */,
				A4FEBC8324E413B600110785 /* VideoCollectionsInteractor.swift in Sources */,
				91FBBCAE24E5256F0093A63B /* ImageSquare2Template.swift in Sources */,
				3DAF338D24E3FA39005AE6D6 /* SecondOnBoardingController.swift in Sources */,
				53881B9824E4281B00D4A892 /* EditAudioVC.swift in Sources */,
				5386CA9324DB3269004AD768 /* DAOPodcastResults.swift in Sources */,
				9130ADF124E3D57E00FBFCB1 /* CreatePageViewController.swift in Sources */,
				53AD0A6724E6924200632167 /* CustomLoadingView.swift in Sources */,
				91FBBCB624E52D640093A63B /* ImagePotrait1Template.swift in Sources */,
				5345EB0C24D9647700C6FFA7 /* SearchPodcastView.swift in Sources */,
				53881BAF24E4379C00D4A892 /* SegmentModel.swift in Sources */,
				91FBBCAC24E525600093A63B /* ImageSquare1Template.swift in Sources */,
				5345EB0F24D9C7A300C6FFA7 /* UploadAudioView.swift in Sources */,
				53881BA524E4313700D4A892 /* AddSegmentVC.swift in Sources */,
				5386CABC24DC8B74004AD768 /* EpisodeModel.swift in Sources */,
				91FBBCB224E52D410093A63B /* ImageSquare4Template.swift in Sources */,
				5345EB0724D93F8200C6FFA7 /* YourAudioView.swift in Sources */,
				537D36F724E5A17600D6EFE4 /* CustomActionSheet.swift in Sources */,
				A4FEBC7824E40D5900110785 /* BaseCell.swift in Sources */,
				9130AE1724E3E87100FBFCB1 /* ChromaColor.swift in Sources */,
				A4C3AD8A24E55DB000747679 /* VideoPodcastViewController.swift in Sources */,
				539D188724DAA20B00585818 /* PodcastPresent.swift in Sources */,
				91FBBCB824E52D750093A63B /* ImagePotrait2Template.swift in Sources */,
				5386CABA24DC821F004AD768 /* EpisodePodcastView.swift in Sources */,
				9130AE1024E3E6C700FBFCB1 /* PotraitTemplateCell.swift in Sources */,
				5386CAC024DC8E07004AD768 /* DAOEpisodesBaseClass.swift in Sources */,
				5345EB1624D9EDB700C6FFA7 /* PodcastModel.swift in Sources */,
				53881BBE24E5017D00D4A892 /* AdditionalSoundWireframe.swift in Sources */,
				A4C3AD8824E55C8B00747679 /* VideoPodcastView.swift in Sources */,
				91FBBCC424E530F60093A63B /* ImageSquare7Template.swift in Sources */,
				9174B7EB24E421CC0071C17C /* MainTabBarController.swift in Sources */,
				5386CACB24DD2FD0004AD768 /* PreviewAudioWireframe.swift in Sources */,
				3DAF339324E40E09005AE6D6 /* keychainItem.swift in Sources */,
				9130AE0624E3E50E00FBFCB1 /* YourDesignModel.swift in Sources */,
				53881BBB24E5016300D4A892 /* AdditionalSoundModel.swift in Sources */,
				A462D71324E6D0DA00FCB55A /* LoginViewController.swift in Sources */,
				3DAF338324E3F39B005AE6D6 /* SecondCell.swift in Sources */,
				538155E524DA7B59005A0709 /* PodcastCell.swift in Sources */,
				9130ADF824E3D61C00FBFCB1 /* DarkTheme.swift in Sources */,
				5345EAD724CEEB8100C6FFA7 /* ViewController.swift in Sources */,
				91FBBCC224E530E90093A63B /* ImageSquare6Template.swift in Sources */,
				A4FEBC7F24E412AC00110785 /* VideoCollectionsWireframe.swift in Sources */,
				A4FEBC7324E3EE2700110785 /* VideoCollectionsView.swift in Sources */,
				A4FEBC8524E41AF400110785 /* VideoCollectionsWorker.swift in Sources */,
				9130ADF624E3D60F00FBFCB1 /* ThemeProtocol.swift in Sources */,
				5345EB0A24D942A800C6FFA7 /* Colors.swift in Sources */,
				53881B9D24E4299900D4A892 /* Utils.swift in Sources */,
				9130AE1B24E3EB3400FBFCB1 /* SquareReusableView.swift in Sources */,
				539D188524DAA1FF00585818 /* PodcastWorker.swift in Sources */,
				3DAF338B24E3F737005AE6D6 /* FirstOnBoardingCell.swift in Sources */,
				9130AE0424E3E4EB00FBFCB1 /* DesignTemplateModel.swift in Sources */,
				53881BA824E431D200D4A892 /* AddSegmentView.swift in Sources */,
				53881BB124E4382F00D4A892 /* SegmentCell.swift in Sources */,
				53881BAC24E432A200D4A892 /* AddSegmentCell.swift in Sources */,
				5386CA9224DB3269004AD768 /* DAOPodcastsBaseClass.swift in Sources */,
				53881BB324E4F56100D4A892 /* AdditionalSoundsVC.swift in Sources */,
				53881BB624E4F58100D4A892 /* AdditionalSoundsView.swift in Sources */,
				91FBBCBE24E52DD90093A63B /* ImagePotrait5Template.swift in Sources */,
				3D34017324E5891A00FE46B2 /* SquareTemplateCell.swift in Sources */,
				3DAF338124E3F27E005AE6D6 /* FirstCell.swift in Sources */,
				5386CAC124DC8E07004AD768 /* DAOEpisodes.swift in Sources */,
				91FBBCC024E52E940093A63B /* ImagePotrait6Template.swift in Sources */,
				91FBBCBA24E52D900093A63B /* ImagePotrait3Template.swift in Sources */,
				9130AE0124E3E39000FBFCB1 /* YourDesignViewCell.swift in Sources */,
				5345EAD324CEEB8100C6FFA7 /* AppDelegate.swift in Sources */,
				3DAF338524E3F433005AE6D6 /* SecondOnBoardingCell.swift in Sources */,
				9130ADFD24E3E30F00FBFCB1 /* DesignReadyDelegate.swift in Sources */,
				5345EAD524CEEB8100C6FFA7 /* SceneDelegate.swift in Sources */,
				A4FEBC6E24E3ED1600110785 /* VideoCollectionsViewController.swift in Sources */,
				A4FEBC7D24E4114600110785 /* VideoCollectionsProtocol.swift in Sources */,
				9130AE0824E3E56500FBFCB1 /* ChooseTemplateViewController.swift in Sources */,
				9130AE1924E3EB2800FBFCB1 /* PotraitReusableView.swift in Sources */,
				A4C3AD8624E55BFA00747679 /* VideoPlayerView.swift in Sources */,
				5386CA9824DB41E2004AD768 /* Constants.swift in Sources */,
				9130AE1D24E3ECB300FBFCB1 /* AlertService.swift in Sources */,
				A4C3AD8124E5245700747679 /* DAOVideo.swift in Sources */,
				91FBBCB024E52C400093A63B /* ImageSquare3Template.swift in Sources */,
				9130ADFA24E3D6A900FBFCB1 /* DesignAspectRatioViewController.swift in Sources */,
				9130ADF424E3D60300FBFCB1 /* Theme.swift in Sources */,
				91FBBCB424E52D4F0093A63B /* ImageSquare5Template.swift in Sources */,
				9130AE1424E3E7A500FBFCB1 /* EditTemplateViewController.swift in Sources */,
				A4C3AD7F24E5244700747679 /* DAOVideoBaseClass.swift in Sources */,
				A4C3AD8324E53CBC00747679 /* CustomButton.swift in Sources */,
				9130AE2224E4181800FBFCB1 /* HomepageViewController.swift in Sources */,
				5386CAC824DD2E71004AD768 /* PreviewAudioView.swift in Sources */,
				A4FEBC6C24E3DCEB00110785 /* VideoNetwork.swift in Sources */,
				5345EB1824D9F83300C6FFA7 /* ConfigApps.swift in Sources */,
				5345EB1F24DA681D00C6FFA7 /* Network.swift in Sources */,
				53881BA124E42B7400D4A892 /* EditAudioWireframe.swift in Sources */,
				A4542D0B24E6D82C002A633A /* LoginWorker.swift in Sources */,
				A4FEBC7624E40D4B00110785 /* CollectionCell.swift in Sources */,
				3DAF338724E3F599005AE6D6 /* OnBoardingController.swift in Sources */,
				5345EB0024D92F4200C6FFA7 /* Extensions.swift in Sources */,
				53881BAA24E4326200D4A892 /* TimePickerView.swift in Sources */,
				A4FEBC8824E41D1C00110785 /* VIdeoModel.swift in Sources */,
				A4FEBC8124E4136C00110785 /* VideoCollectionsPresenter.swift in Sources */,
				A4FEBC7124E3EDD800110785 /* BaseView.swift in Sources */,
				91FBBCBC24E52D9A0093A63B /* ImagePotrait4Template.swift in Sources */,
				5386CAC624DD2E57004AD768 /* PreviewAudioVC.swift in Sources */,
				5386CA9524DB36A7004AD768 /* BaseNetwork.swift in Sources */,
				53881B9B24E4286700D4A892 /* EditAudioView.swift in Sources */,
				9130ADFF24E3E35500FBFCB1 /* YourDesignViewController.swift in Sources */,
				53AD0A6424E67FD000632167 /* EditAudioRepository.swift in Sources */,
			);
			runOnlyForDeploymentPostprocessing = 0;
		};
/* End PBXSourcesBuildPhase section */

/* Begin PBXVariantGroup section */
		5345EADD24CEEB8200C6FFA7 /* LaunchScreen.storyboard */ = {
			isa = PBXVariantGroup;
			children = (
				5345EADE24CEEB8200C6FFA7 /* Base */,
			);
			name = LaunchScreen.storyboard;
			sourceTree = "<group>";
		};
/* End PBXVariantGroup section */

/* Begin XCBuildConfiguration section */
		5345EAE124CEEB8200C6FFA7 /* Debug */ = {
			isa = XCBuildConfiguration;
			buildSettings = {
				ALWAYS_SEARCH_USER_PATHS = NO;
				CLANG_ANALYZER_NONNULL = YES;
				CLANG_ANALYZER_NUMBER_OBJECT_CONVERSION = YES_AGGRESSIVE;
				CLANG_CXX_LANGUAGE_STANDARD = "gnu++14";
				CLANG_CXX_LIBRARY = "libc++";
				CLANG_ENABLE_MODULES = YES;
				CLANG_ENABLE_OBJC_ARC = YES;
				CLANG_ENABLE_OBJC_WEAK = YES;
				CLANG_WARN_BLOCK_CAPTURE_AUTORELEASING = YES;
				CLANG_WARN_BOOL_CONVERSION = YES;
				CLANG_WARN_COMMA = YES;
				CLANG_WARN_CONSTANT_CONVERSION = YES;
				CLANG_WARN_DEPRECATED_OBJC_IMPLEMENTATIONS = YES;
				CLANG_WARN_DIRECT_OBJC_ISA_USAGE = YES_ERROR;
				CLANG_WARN_DOCUMENTATION_COMMENTS = YES;
				CLANG_WARN_EMPTY_BODY = YES;
				CLANG_WARN_ENUM_CONVERSION = YES;
				CLANG_WARN_INFINITE_RECURSION = YES;
				CLANG_WARN_INT_CONVERSION = YES;
				CLANG_WARN_NON_LITERAL_NULL_CONVERSION = YES;
				CLANG_WARN_OBJC_IMPLICIT_RETAIN_SELF = YES;
				CLANG_WARN_OBJC_LITERAL_CONVERSION = YES;
				CLANG_WARN_OBJC_ROOT_CLASS = YES_ERROR;
				CLANG_WARN_RANGE_LOOP_ANALYSIS = YES;
				CLANG_WARN_STRICT_PROTOTYPES = YES;
				CLANG_WARN_SUSPICIOUS_MOVE = YES;
				CLANG_WARN_UNGUARDED_AVAILABILITY = YES_AGGRESSIVE;
				CLANG_WARN_UNREACHABLE_CODE = YES;
				CLANG_WARN__DUPLICATE_METHOD_MATCH = YES;
				COPY_PHASE_STRIP = NO;
				DEBUG_INFORMATION_FORMAT = dwarf;
				ENABLE_STRICT_OBJC_MSGSEND = YES;
				ENABLE_TESTABILITY = YES;
				GCC_C_LANGUAGE_STANDARD = gnu11;
				GCC_DYNAMIC_NO_PIC = NO;
				GCC_NO_COMMON_BLOCKS = YES;
				GCC_OPTIMIZATION_LEVEL = 0;
				GCC_PREPROCESSOR_DEFINITIONS = (
					"DEBUG=1",
					"$(inherited)",
				);
				GCC_WARN_64_TO_32_BIT_CONVERSION = YES;
				GCC_WARN_ABOUT_RETURN_TYPE = YES_ERROR;
				GCC_WARN_UNDECLARED_SELECTOR = YES;
				GCC_WARN_UNINITIALIZED_AUTOS = YES_AGGRESSIVE;
				GCC_WARN_UNUSED_FUNCTION = YES;
				GCC_WARN_UNUSED_VARIABLE = YES;
				IPHONEOS_DEPLOYMENT_TARGET = 13.2;
				MTL_ENABLE_DEBUG_INFO = INCLUDE_SOURCE;
				MTL_FAST_MATH = YES;
				ONLY_ACTIVE_ARCH = YES;
				SDKROOT = iphoneos;
				SWIFT_ACTIVE_COMPILATION_CONDITIONS = DEBUG;
				SWIFT_OPTIMIZATION_LEVEL = "-Onone";
			};
			name = Debug;
		};
		5345EAE224CEEB8200C6FFA7 /* Release */ = {
			isa = XCBuildConfiguration;
			buildSettings = {
				ALWAYS_SEARCH_USER_PATHS = NO;
				CLANG_ANALYZER_NONNULL = YES;
				CLANG_ANALYZER_NUMBER_OBJECT_CONVERSION = YES_AGGRESSIVE;
				CLANG_CXX_LANGUAGE_STANDARD = "gnu++14";
				CLANG_CXX_LIBRARY = "libc++";
				CLANG_ENABLE_MODULES = YES;
				CLANG_ENABLE_OBJC_ARC = YES;
				CLANG_ENABLE_OBJC_WEAK = YES;
				CLANG_WARN_BLOCK_CAPTURE_AUTORELEASING = YES;
				CLANG_WARN_BOOL_CONVERSION = YES;
				CLANG_WARN_COMMA = YES;
				CLANG_WARN_CONSTANT_CONVERSION = YES;
				CLANG_WARN_DEPRECATED_OBJC_IMPLEMENTATIONS = YES;
				CLANG_WARN_DIRECT_OBJC_ISA_USAGE = YES_ERROR;
				CLANG_WARN_DOCUMENTATION_COMMENTS = YES;
				CLANG_WARN_EMPTY_BODY = YES;
				CLANG_WARN_ENUM_CONVERSION = YES;
				CLANG_WARN_INFINITE_RECURSION = YES;
				CLANG_WARN_INT_CONVERSION = YES;
				CLANG_WARN_NON_LITERAL_NULL_CONVERSION = YES;
				CLANG_WARN_OBJC_IMPLICIT_RETAIN_SELF = YES;
				CLANG_WARN_OBJC_LITERAL_CONVERSION = YES;
				CLANG_WARN_OBJC_ROOT_CLASS = YES_ERROR;
				CLANG_WARN_RANGE_LOOP_ANALYSIS = YES;
				CLANG_WARN_STRICT_PROTOTYPES = YES;
				CLANG_WARN_SUSPICIOUS_MOVE = YES;
				CLANG_WARN_UNGUARDED_AVAILABILITY = YES_AGGRESSIVE;
				CLANG_WARN_UNREACHABLE_CODE = YES;
				CLANG_WARN__DUPLICATE_METHOD_MATCH = YES;
				COPY_PHASE_STRIP = NO;
				DEBUG_INFORMATION_FORMAT = "dwarf-with-dsym";
				ENABLE_NS_ASSERTIONS = NO;
				ENABLE_STRICT_OBJC_MSGSEND = YES;
				GCC_C_LANGUAGE_STANDARD = gnu11;
				GCC_NO_COMMON_BLOCKS = YES;
				GCC_WARN_64_TO_32_BIT_CONVERSION = YES;
				GCC_WARN_ABOUT_RETURN_TYPE = YES_ERROR;
				GCC_WARN_UNDECLARED_SELECTOR = YES;
				GCC_WARN_UNINITIALIZED_AUTOS = YES_AGGRESSIVE;
				GCC_WARN_UNUSED_FUNCTION = YES;
				GCC_WARN_UNUSED_VARIABLE = YES;
				IPHONEOS_DEPLOYMENT_TARGET = 13.2;
				MTL_ENABLE_DEBUG_INFO = NO;
				MTL_FAST_MATH = YES;
				SDKROOT = iphoneos;
				SWIFT_COMPILATION_MODE = wholemodule;
				SWIFT_OPTIMIZATION_LEVEL = "-O";
				VALIDATE_PRODUCT = YES;
			};
			name = Release;
		};
		5345EAE424CEEB8200C6FFA7 /* Debug */ = {
			isa = XCBuildConfiguration;
			baseConfigurationReference = 3DF7FD290F6DC8921EE4E20E /* Pods-ProjectPodcastMC3.debug.xcconfig */;
			buildSettings = {
				ASSETCATALOG_COMPILER_APPICON_NAME = AppIcon;
				CODE_SIGN_ENTITLEMENTS = ProjectPodcastMC3/ProjectPodcastMC3.entitlements;
				CODE_SIGN_IDENTITY = "Apple Development";
				CODE_SIGN_STYLE = Automatic;
				DEVELOPMENT_TEAM = YKPQ92PAK3;
				INFOPLIST_FILE = ProjectPodcastMC3/Info.plist;
				IPHONEOS_DEPLOYMENT_TARGET = 13.0;
				LD_RUNPATH_SEARCH_PATHS = (
					"$(inherited)",
					"@executable_path/Frameworks",
				);
				PRODUCT_BUNDLE_IDENTIFIER = com.reynaldiwijaya.ProjectMC3Podcast;
				PRODUCT_NAME = "$(TARGET_NAME)";
				PROVISIONING_PROFILE_SPECIFIER = "";
				SWIFT_VERSION = 5.0;
				TARGETED_DEVICE_FAMILY = "1,2";
			};
			name = Debug;
		};
		5345EAE524CEEB8200C6FFA7 /* Release */ = {
			isa = XCBuildConfiguration;
			baseConfigurationReference = 61E42D29FEDDB1D135C07EB8 /* Pods-ProjectPodcastMC3.release.xcconfig */;
			buildSettings = {
				ASSETCATALOG_COMPILER_APPICON_NAME = AppIcon;
				CODE_SIGN_ENTITLEMENTS = ProjectPodcastMC3/ProjectPodcastMC3.entitlements;
				CODE_SIGN_IDENTITY = "Apple Development";
				CODE_SIGN_STYLE = Automatic;
				DEVELOPMENT_TEAM = YKPQ92PAK3;
				INFOPLIST_FILE = ProjectPodcastMC3/Info.plist;
				IPHONEOS_DEPLOYMENT_TARGET = 13.0;
				LD_RUNPATH_SEARCH_PATHS = (
					"$(inherited)",
					"@executable_path/Frameworks",
				);
				PRODUCT_BUNDLE_IDENTIFIER = com.reynaldiwijaya.ProjectMC3Podcast;
				PRODUCT_NAME = "$(TARGET_NAME)";
				PROVISIONING_PROFILE_SPECIFIER = "";
				SWIFT_VERSION = 5.0;
				TARGETED_DEVICE_FAMILY = "1,2";
			};
			name = Release;
		};
/* End XCBuildConfiguration section */

/* Begin XCConfigurationList section */
		5345EACA24CEEB8000C6FFA7 /* Build configuration list for PBXProject "ProjectPodcastMC3" */ = {
			isa = XCConfigurationList;
			buildConfigurations = (
				5345EAE124CEEB8200C6FFA7 /* Debug */,
				5345EAE224CEEB8200C6FFA7 /* Release */,
			);
			defaultConfigurationIsVisible = 0;
			defaultConfigurationName = Release;
		};
		5345EAE324CEEB8200C6FFA7 /* Build configuration list for PBXNativeTarget "ProjectPodcastMC3" */ = {
			isa = XCConfigurationList;
			buildConfigurations = (
				5345EAE424CEEB8200C6FFA7 /* Debug */,
				5345EAE524CEEB8200C6FFA7 /* Release */,
			);
			defaultConfigurationIsVisible = 0;
			defaultConfigurationName = Release;
		};
/* End XCConfigurationList section */
	};
	rootObject = 5345EAC724CEEB8000C6FFA7 /* Project object */;
}
