// !$*UTF8*$!
{
	archiveVersion = 1;
	classes = {
	};
	objectVersion = 50;
	objects = {

/* Begin PBXBuildFile section */
		23DE02F124E54FFA00DB1815 /* RenderingGif.swift in Sources */ = {isa = PBXBuildFile; fileRef = 23DE02F024E54FFA00DB1815 /* RenderingGif.swift */; };
		23DE02F324E5503600DB1815 /* Extension.swift in Sources */ = {isa = PBXBuildFile; fileRef = 23DE02F224E5503600DB1815 /* Extension.swift */; };
		23DE02F524E5506500DB1815 /* iOSDevCenters+GIF.swift in Sources */ = {isa = PBXBuildFile; fileRef = 23DE02F424E5506500DB1815 /* iOSDevCenters+GIF.swift */; };
		23DE02F724E550E600DB1815 /* giphy.gif in Resources */ = {isa = PBXBuildFile; fileRef = 23DE02F624E550E600DB1815 /* giphy.gif */; };
		5345EAD324CEEB8100C6FFA7 /* AppDelegate.swift in Sources */ = {isa = PBXBuildFile; fileRef = 5345EAD224CEEB8100C6FFA7 /* AppDelegate.swift */; };
		5345EAD524CEEB8100C6FFA7 /* SceneDelegate.swift in Sources */ = {isa = PBXBuildFile; fileRef = 5345EAD424CEEB8100C6FFA7 /* SceneDelegate.swift */; };
		5345EAD724CEEB8100C6FFA7 /* ViewController.swift in Sources */ = {isa = PBXBuildFile; fileRef = 5345EAD624CEEB8100C6FFA7 /* ViewController.swift */; };
		5345EADC24CEEB8200C6FFA7 /* Assets.xcassets in Resources */ = {isa = PBXBuildFile; fileRef = 5345EADB24CEEB8200C6FFA7 /* Assets.xcassets */; };
		5345EADF24CEEB8200C6FFA7 /* LaunchScreen.storyboard in Resources */ = {isa = PBXBuildFile; fileRef = 5345EADD24CEEB8200C6FFA7 /* LaunchScreen.storyboard */; };
/* End PBXBuildFile section */

/* Begin PBXFileReference section */
		23DE02F024E54FFA00DB1815 /* RenderingGif.swift */ = {isa = PBXFileReference; lastKnownFileType = sourcecode.swift; path = RenderingGif.swift; sourceTree = "<group>"; };
		23DE02F224E5503600DB1815 /* Extension.swift */ = {isa = PBXFileReference; lastKnownFileType = sourcecode.swift; path = Extension.swift; sourceTree = "<group>"; };
		23DE02F424E5506500DB1815 /* iOSDevCenters+GIF.swift */ = {isa = PBXFileReference; lastKnownFileType = sourcecode.swift; path = "iOSDevCenters+GIF.swift"; sourceTree = "<group>"; };
		23DE02F624E550E600DB1815 /* giphy.gif */ = {isa = PBXFileReference; lastKnownFileType = image.gif; path = giphy.gif; sourceTree = "<group>"; };
		5345EACF24CEEB8100C6FFA7 /* ProjectPodcastMC3.app */ = {isa = PBXFileReference; explicitFileType = wrapper.application; includeInIndex = 0; path = ProjectPodcastMC3.app; sourceTree = BUILT_PRODUCTS_DIR; };
		5345EAD224CEEB8100C6FFA7 /* AppDelegate.swift */ = {isa = PBXFileReference; lastKnownFileType = sourcecode.swift; path = AppDelegate.swift; sourceTree = "<group>"; };
		5345EAD424CEEB8100C6FFA7 /* SceneDelegate.swift */ = {isa = PBXFileReference; lastKnownFileType = sourcecode.swift; path = SceneDelegate.swift; sourceTree = "<group>"; };
		5345EAD624CEEB8100C6FFA7 /* ViewController.swift */ = {isa = PBXFileReference; lastKnownFileType = sourcecode.swift; path = ViewController.swift; sourceTree = "<group>"; };
		5345EADB24CEEB8200C6FFA7 /* Assets.xcassets */ = {isa = PBXFileReference; lastKnownFileType = folder.assetcatalog; path = Assets.xcassets; sourceTree = "<group>"; };
		5345EADE24CEEB8200C6FFA7 /* Base */ = {isa = PBXFileReference; lastKnownFileType = file.storyboard; name = Base; path = Base.lproj/LaunchScreen.storyboard; sourceTree = "<group>"; };
		5345EAE024CEEB8200C6FFA7 /* Info.plist */ = {isa = PBXFileReference; lastKnownFileType = text.plist.xml; path = Info.plist; sourceTree = "<group>"; };
/* End PBXFileReference section */

/* Begin PBXFrameworksBuildPhase section */
		5345EACC24CEEB8100C6FFA7 /* Frameworks */ = {
			isa = PBXFrameworksBuildPhase;
			buildActionMask = 2147483647;
			files = (
			);
			runOnlyForDeploymentPostprocessing = 0;
		};
/* End PBXFrameworksBuildPhase section */

/* Begin PBXGroup section */
		5345EAC624CEEB8000C6FFA7 = {
			isa = PBXGroup;
			children = (
				5345EAD124CEEB8100C6FFA7 /* ProjectPodcastMC3 */,
				5345EAD024CEEB8100C6FFA7 /* Products */,
			);
			sourceTree = "<group>";
		};
		5345EAD024CEEB8100C6FFA7 /* Products */ = {
			isa = PBXGroup;
			children = (
				5345EACF24CEEB8100C6FFA7 /* ProjectPodcastMC3.app */,
			);
			name = Products;
			sourceTree = "<group>";
		};
		5345EAD124CEEB8100C6FFA7 /* ProjectPodcastMC3 */ = {
			isa = PBXGroup;
			children = (
				23DE02F624E550E600DB1815 /* giphy.gif */,
				5345EAD224CEEB8100C6FFA7 /* AppDelegate.swift */,
				5345EAD424CEEB8100C6FFA7 /* SceneDelegate.swift */,
				23DE02F024E54FFA00DB1815 /* RenderingGif.swift */,
				23DE02F224E5503600DB1815 /* Extension.swift */,
				23DE02F424E5506500DB1815 /* iOSDevCenters+GIF.swift */,
				5345EAD624CEEB8100C6FFA7 /* ViewController.swift */,
				5345EADB24CEEB8200C6FFA7 /* Assets.xcassets */,
				5345EADD24CEEB8200C6FFA7 /* LaunchScreen.storyboard */,
				5345EAE024CEEB8200C6FFA7 /* Info.plist */,
			);
			path = ProjectPodcastMC3;
			sourceTree = "<group>";
		};
/* End PBXGroup section */

/* Begin PBXNativeTarget section */
		5345EACE24CEEB8100C6FFA7 /* ProjectPodcastMC3 */ = {
			isa = PBXNativeTarget;
			buildConfigurationList = 5345EAE324CEEB8200C6FFA7 /* Build configuration list for PBXNativeTarget "ProjectPodcastMC3" */;
			buildPhases = (
				5345EACB24CEEB8100C6FFA7 /* Sources */,
				5345EACC24CEEB8100C6FFA7 /* Frameworks */,
				5345EACD24CEEB8100C6FFA7 /* Resources */,
			);
			buildRules = (
			);
			dependencies = (
			);
			name = ProjectPodcastMC3;
			productName = ProjectPodcastMC3;
			productReference = 5345EACF24CEEB8100C6FFA7 /* ProjectPodcastMC3.app */;
			productType = "com.apple.product-type.application";
		};
/* End PBXNativeTarget section */

/* Begin PBXProject section */
		5345EAC724CEEB8000C6FFA7 /* Project object */ = {
			isa = PBXProject;
			attributes = {
				LastSwiftUpdateCheck = 1130;
				LastUpgradeCheck = 1130;
				ORGANIZATIONNAME = "Reynaldi Wijaya";
				TargetAttributes = {
					5345EACE24CEEB8100C6FFA7 = {
						CreatedOnToolsVersion = 11.3.1;
					};
				};
			};
			buildConfigurationList = 5345EACA24CEEB8000C6FFA7 /* Build configuration list for PBXProject "ProjectPodcastMC3" */;
			compatibilityVersion = "Xcode 9.3";
			developmentRegion = en;
			hasScannedForEncodings = 0;
			knownRegions = (
				en,
				Base,
			);
			mainGroup = 5345EAC624CEEB8000C6FFA7;
			productRefGroup = 5345EAD024CEEB8100C6FFA7 /* Products */;
			projectDirPath = "";
			projectRoot = "";
			targets = (
				5345EACE24CEEB8100C6FFA7 /* ProjectPodcastMC3 */,
			);
		};
/* End PBXProject section */

/* Begin PBXResourcesBuildPhase section */
		5345EACD24CEEB8100C6FFA7 /* Resources */ = {
			isa = PBXResourcesBuildPhase;
			buildActionMask = 2147483647;
			files = (
				5345EADF24CEEB8200C6FFA7 /* LaunchScreen.storyboard in Resources */,
				23DE02F724E550E600DB1815 /* giphy.gif in Resources */,
				5345EADC24CEEB8200C6FFA7 /* Assets.xcassets in Resources */,
			);
			runOnlyForDeploymentPostprocessing = 0;
		};
/* End PBXResourcesBuildPhase section */

/* Begin PBXSourcesBuildPhase section */
		5345EACB24CEEB8100C6FFA7 /* Sources */ = {
			isa = PBXSourcesBuildPhase;
			buildActionMask = 2147483647;
			files = (
				23DE02F324E5503600DB1815 /* Extension.swift in Sources */,
				23DE02F524E5506500DB1815 /* iOSDevCenters+GIF.swift in Sources */,
				5345EAD724CEEB8100C6FFA7 /* ViewController.swift in Sources */,
				23DE02F124E54FFA00DB1815 /* RenderingGif.swift in Sources */,
				5345EAD324CEEB8100C6FFA7 /* AppDelegate.swift in Sources */,
				5345EAD524CEEB8100C6FFA7 /* SceneDelegate.swift in Sources */,
			);
			runOnlyForDeploymentPostprocessing = 0;
		};
/* End PBXSourcesBuildPhase section */

/* Begin PBXVariantGroup section */
		5345EADD24CEEB8200C6FFA7 /* LaunchScreen.storyboard */ = {
			isa = PBXVariantGroup;
			children = (
				5345EADE24CEEB8200C6FFA7 /* Base */,
			);
			name = LaunchScreen.storyboard;
			sourceTree = "<group>";
		};
/* End PBXVariantGroup section */

/* Begin XCBuildConfiguration section */
		5345EAE124CEEB8200C6FFA7 /* Debug */ = {
			isa = XCBuildConfiguration;
			buildSettings = {
				ALWAYS_SEARCH_USER_PATHS = NO;
				CLANG_ANALYZER_NONNULL = YES;
				CLANG_ANALYZER_NUMBER_OBJECT_CONVERSION = YES_AGGRESSIVE;
				CLANG_CXX_LANGUAGE_STANDARD = "gnu++14";
				CLANG_CXX_LIBRARY = "libc++";
				CLANG_ENABLE_MODULES = YES;
				CLANG_ENABLE_OBJC_ARC = YES;
				CLANG_ENABLE_OBJC_WEAK = YES;
				CLANG_WARN_BLOCK_CAPTURE_AUTORELEASING = YES;
				CLANG_WARN_BOOL_CONVERSION = YES;
				CLANG_WARN_COMMA = YES;
				CLANG_WARN_CONSTANT_CONVERSION = YES;
				CLANG_WARN_DEPRECATED_OBJC_IMPLEMENTATIONS = YES;
				CLANG_WARN_DIRECT_OBJC_ISA_USAGE = YES_ERROR;
				CLANG_WARN_DOCUMENTATION_COMMENTS = YES;
				CLANG_WARN_EMPTY_BODY = YES;
				CLANG_WARN_ENUM_CONVERSION = YES;
				CLANG_WARN_INFINITE_RECURSION = YES;
				CLANG_WARN_INT_CONVERSION = YES;
				CLANG_WARN_NON_LITERAL_NULL_CONVERSION = YES;
				CLANG_WARN_OBJC_IMPLICIT_RETAIN_SELF = YES;
				CLANG_WARN_OBJC_LITERAL_CONVERSION = YES;
				CLANG_WARN_OBJC_ROOT_CLASS = YES_ERROR;
				CLANG_WARN_RANGE_LOOP_ANALYSIS = YES;
				CLANG_WARN_STRICT_PROTOTYPES = YES;
				CLANG_WARN_SUSPICIOUS_MOVE = YES;
				CLANG_WARN_UNGUARDED_AVAILABILITY = YES_AGGRESSIVE;
				CLANG_WARN_UNREACHABLE_CODE = YES;
				CLANG_WARN__DUPLICATE_METHOD_MATCH = YES;
				COPY_PHASE_STRIP = NO;
				DEBUG_INFORMATION_FORMAT = dwarf;
				ENABLE_STRICT_OBJC_MSGSEND = YES;
				ENABLE_TESTABILITY = YES;
				GCC_C_LANGUAGE_STANDARD = gnu11;
				GCC_DYNAMIC_NO_PIC = NO;
				GCC_NO_COMMON_BLOCKS = YES;
				GCC_OPTIMIZATION_LEVEL = 0;
				GCC_PREPROCESSOR_DEFINITIONS = (
					"DEBUG=1",
					"$(inherited)",
				);
				GCC_WARN_64_TO_32_BIT_CONVERSION = YES;
				GCC_WARN_ABOUT_RETURN_TYPE = YES_ERROR;
				GCC_WARN_UNDECLARED_SELECTOR = YES;
				GCC_WARN_UNINITIALIZED_AUTOS = YES_AGGRESSIVE;
				GCC_WARN_UNUSED_FUNCTION = YES;
				GCC_WARN_UNUSED_VARIABLE = YES;
				IPHONEOS_DEPLOYMENT_TARGET = 13.2;
				MTL_ENABLE_DEBUG_INFO = INCLUDE_SOURCE;
				MTL_FAST_MATH = YES;
				ONLY_ACTIVE_ARCH = YES;
				SDKROOT = iphoneos;
				SWIFT_ACTIVE_COMPILATION_CONDITIONS = DEBUG;
				SWIFT_OPTIMIZATION_LEVEL = "-Onone";
			};
			name = Debug;
		};
		5345EAE224CEEB8200C6FFA7 /* Release */ = {
			isa = XCBuildConfiguration;
			buildSettings = {
				ALWAYS_SEARCH_USER_PATHS = NO;
				CLANG_ANALYZER_NONNULL = YES;
				CLANG_ANALYZER_NUMBER_OBJECT_CONVERSION = YES_AGGRESSIVE;
				CLANG_CXX_LANGUAGE_STANDARD = "gnu++14";
				CLANG_CXX_LIBRARY = "libc++";
				CLANG_ENABLE_MODULES = YES;
				CLANG_ENABLE_OBJC_ARC = YES;
				CLANG_ENABLE_OBJC_WEAK = YES;
				CLANG_WARN_BLOCK_CAPTURE_AUTORELEASING = YES;
				CLANG_WARN_BOOL_CONVERSION = YES;
				CLANG_WARN_COMMA = YES;
				CLANG_WARN_CONSTANT_CONVERSION = YES;
				CLANG_WARN_DEPRECATED_OBJC_IMPLEMENTATIONS = YES;
				CLANG_WARN_DIRECT_OBJC_ISA_USAGE = YES_ERROR;
				CLANG_WARN_DOCUMENTATION_COMMENTS = YES;
				CLANG_WARN_EMPTY_BODY = YES;
				CLANG_WARN_ENUM_CONVERSION = YES;
				CLANG_WARN_INFINITE_RECURSION = YES;
				CLANG_WARN_INT_CONVERSION = YES;
				CLANG_WARN_NON_LITERAL_NULL_CONVERSION = YES;
				CLANG_WARN_OBJC_IMPLICIT_RETAIN_SELF = YES;
				CLANG_WARN_OBJC_LITERAL_CONVERSION = YES;
				CLANG_WARN_OBJC_ROOT_CLASS = YES_ERROR;
				CLANG_WARN_RANGE_LOOP_ANALYSIS = YES;
				CLANG_WARN_STRICT_PROTOTYPES = YES;
				CLANG_WARN_SUSPICIOUS_MOVE = YES;
				CLANG_WARN_UNGUARDED_AVAILABILITY = YES_AGGRESSIVE;
				CLANG_WARN_UNREACHABLE_CODE = YES;
				CLANG_WARN__DUPLICATE_METHOD_MATCH = YES;
				COPY_PHASE_STRIP = NO;
				DEBUG_INFORMATION_FORMAT = "dwarf-with-dsym";
				ENABLE_NS_ASSERTIONS = NO;
				ENABLE_STRICT_OBJC_MSGSEND = YES;
				GCC_C_LANGUAGE_STANDARD = gnu11;
				GCC_NO_COMMON_BLOCKS = YES;
				GCC_WARN_64_TO_32_BIT_CONVERSION = YES;
				GCC_WARN_ABOUT_RETURN_TYPE = YES_ERROR;
				GCC_WARN_UNDECLARED_SELECTOR = YES;
				GCC_WARN_UNINITIALIZED_AUTOS = YES_AGGRESSIVE;
				GCC_WARN_UNUSED_FUNCTION = YES;
				GCC_WARN_UNUSED_VARIABLE = YES;
				IPHONEOS_DEPLOYMENT_TARGET = 13.2;
				MTL_ENABLE_DEBUG_INFO = NO;
				MTL_FAST_MATH = YES;
				SDKROOT = iphoneos;
				SWIFT_COMPILATION_MODE = wholemodule;
				SWIFT_OPTIMIZATION_LEVEL = "-O";
				VALIDATE_PRODUCT = YES;
			};
			name = Release;
		};
		5345EAE424CEEB8200C6FFA7 /* Debug */ = {
			isa = XCBuildConfiguration;
			buildSettings = {
				ASSETCATALOG_COMPILER_APPICON_NAME = AppIcon;
				CODE_SIGN_STYLE = Automatic;
				DEVELOPMENT_TEAM = YKPQ92PAK3;
				INFOPLIST_FILE = ProjectPodcastMC3/Info.plist;
				LD_RUNPATH_SEARCH_PATHS = (
					"$(inherited)",
					"@executable_path/Frameworks",
				);
				PRODUCT_BUNDLE_IDENTIFIER = com.reynaldiwijaya.ProjectPodcastMC3;
				PRODUCT_NAME = "$(TARGET_NAME)";
				SWIFT_VERSION = 5.0;
				TARGETED_DEVICE_FAMILY = "1,2";
			};
			name = Debug;
		};
		5345EAE524CEEB8200C6FFA7 /* Release */ = {
			isa = XCBuildConfiguration;
			buildSettings = {
				ASSETCATALOG_COMPILER_APPICON_NAME = AppIcon;
				CODE_SIGN_STYLE = Automatic;
				DEVELOPMENT_TEAM = YKPQ92PAK3;
				INFOPLIST_FILE = ProjectPodcastMC3/Info.plist;
				LD_RUNPATH_SEARCH_PATHS = (
					"$(inherited)",
					"@executable_path/Frameworks",
				);
				PRODUCT_BUNDLE_IDENTIFIER = com.reynaldiwijaya.ProjectPodcastMC3;
				PRODUCT_NAME = "$(TARGET_NAME)";
				SWIFT_VERSION = 5.0;
				TARGETED_DEVICE_FAMILY = "1,2";
			};
			name = Release;
		};
/* End XCBuildConfiguration section */

/* Begin XCConfigurationList section */
		5345EACA24CEEB8000C6FFA7 /* Build configuration list for PBXProject "ProjectPodcastMC3" */ = {
			isa = XCConfigurationList;
			buildConfigurations = (
				5345EAE124CEEB8200C6FFA7 /* Debug */,
				5345EAE224CEEB8200C6FFA7 /* Release */,
			);
			defaultConfigurationIsVisible = 0;
			defaultConfigurationName = Release;
		};
		5345EAE324CEEB8200C6FFA7 /* Build configuration list for PBXNativeTarget "ProjectPodcastMC3" */ = {
			isa = XCConfigurationList;
			buildConfigurations = (
				5345EAE424CEEB8200C6FFA7 /* Debug */,
				5345EAE524CEEB8200C6FFA7 /* Release */,
			);
			defaultConfigurationIsVisible = 0;
			defaultConfigurationName = Release;
		};
/* End XCConfigurationList section */
	};
	rootObject = 5345EAC724CEEB8000C6FFA7 /* Project object */;
}
